<?xml version="1.0" encoding="utf-8"?>
<Project ToolsVersion="4.0" xmlns="http://schemas.microsoft.com/developer/msbuild/2003">
  <ItemGroup>
    <Filter Include="Image">
      <UniqueIdentifier>{ebb0b777-6903-48fe-91b9-ac488426deb3}</UniqueIdentifier>
    </Filter>
    <Filter Include="Common">
      <UniqueIdentifier>{f5b0287d-7a26-4da2-a043-1204ad7d258c}</UniqueIdentifier>
      <Extensions>h;hpp;hxx;hm;inl;cpp;c;cxx;rc;def;r;odl;idl;hpj;bat</Extensions>
    </Filter>
    <Filter Include="Resource">
      <UniqueIdentifier>{6b85ab91-e31e-424c-acb3-a4303cfb54f2}</UniqueIdentifier>
    </Filter>
  </ItemGroup>
  <ItemGroup>
    <ClInclude Include="Image.h">
      <Filter>Image</Filter>
    </ClInclude>
    <ClInclude Include="ImageBMP.h">
      <Filter>Image</Filter>
    </ClInclude>
    <ClInclude Include="ImageHelper.h">
      <Filter>Image</Filter>
    </ClInclude>
    <ClInclude Include="ImageMMP.h">
      <Filter>Image</Filter>
    </ClInclude>
    <ClInclude Include="ImageObjectFactory.h">
      <Filter>Image</Filter>
    </ClInclude>
    <ClInclude Include="ImagePNG.h">
      <Filter>Image</Filter>
    </ClInclude>
    <ClInclude Include="ImageProcessor.h">
      <Filter>Image</Filter>
    </ClInclude>
    <ClInclude Include="ImageReal.h">
      <Filter>Image</Filter>
    </ClInclude>
    <ClInclude Include="ImageTGA.h">
      <Filter>Image</Filter>
    </ClInclude>
    <ClInclude Include="Specific.h">
      <Filter>Common</Filter>
    </ClInclude>
    <ClInclude Include="StdAfx.h">
      <Filter>Common</Filter>
    </ClInclude>
    <ClInclude Include="stl_user_config.h">
      <Filter>Common</Filter>
    </ClInclude>
    <ClInclude Include="resource.h">
      <Filter>Resource</Filter>
    </ClInclude>
  </ItemGroup>
  <ItemGroup>
    <ClCompile Include="ImageBMP.cpp">
      <Filter>Image</Filter>
    </ClCompile>
    <ClCompile Include="ImageMMP.cpp">
      <Filter>Image</Filter>
    </ClCompile>
    <ClCompile Include="ImageObjectFactory.cpp">
      <Filter>Image</Filter>
    </ClCompile>
    <ClCompile Include="ImagePNG.cpp">
      <Filter>Image</Filter>
    </ClCompile>
    <ClCompile Include="ImageProcessor.cpp">
      <Filter>Image</Filter>
    </ClCompile>
    <ClCompile Include="ImageReal.cpp">
      <Filter>Image</Filter>
    </ClCompile>
    <ClCompile Include="ImageScale.cpp">
      <Filter>Image</Filter>
    </ClCompile>
    <ClCompile Include="ImageTGA.cpp">
      <Filter>Image</Filter>
    </ClCompile>
    <ClCompile Include="RectsComposition.cpp">
      <Filter>Image</Filter>
    </ClCompile>
    <ClCompile Include="GlobalsLoader.cpp">
      <Filter>Common</Filter>
    </ClCompile>
    <ClCompile Include="StdAfx.cpp">
      <Filter>Common</Filter>
    </ClCompile>
  </ItemGroup>
  <ItemGroup>
    <ResourceCompile Include="Image.rc">
      <Filter>Resource</Filter>
    </ResourceCompile>
  </ItemGroup>
  <ItemGroup>
    <CustomBuild Include="Image.def">
      <Filter>Common</Filter>
    </CustomBuild>
  </ItemGroup>
</Project>