<?xml version="1.0" encoding="utf-8"?>
<Project ToolsVersion="4.0" xmlns="http://schemas.microsoft.com/developer/msbuild/2003">
  <ItemGroup>
    <Filter Include="Common">
      <UniqueIdentifier>{3b788fa4-4de6-454e-9e02-eaa3e65e036a}</UniqueIdentifier>
      <Extensions>cpp;c;cxx;rc;def;r;odl;idl;hpj;bat;h;hpp;hxx;hm;inl</Extensions>
    </Filter>
    <Filter Include="GFX">
      <UniqueIdentifier>{f76b5465-7471-4da3-9821-64365eb8830b}</UniqueIdentifier>
    </Filter>
    <Filter Include="Texture">
      <UniqueIdentifier>{f16ff233-b83f-4271-ae6a-a0521cb97e21}</UniqueIdentifier>
    </Filter>
    <Filter Include="Geometry">
      <UniqueIdentifier>{9ed19829-ed93-4341-a1fa-be9b286ab772}</UniqueIdentifier>
    </Filter>
    <Filter Include="Font">
      <UniqueIdentifier>{3639a21f-143c-4887-8fb0-4a86461290ad}</UniqueIdentifier>
    </Filter>
    <Filter Include="Resource">
      <UniqueIdentifier>{de4129b5-a077-433c-80e2-2e157c731aed}</UniqueIdentifier>
    </Filter>
    <Filter Include="Shader">
      <UniqueIdentifier>{2347fd47-7797-440c-a19c-e614ba9918d2}</UniqueIdentifier>
    </Filter>
  </ItemGroup>
  <ItemGroup>
    <ClCompile Include="GlobalsLoader.cpp">
      <Filter>Common</Filter>
    </ClCompile>
    <ClCompile Include="StdAfx.cpp">
      <Filter>Common</Filter>
    </ClCompile>
    <ClCompile Include="GFXObjectFactory.cpp">
      <Filter>GFX</Filter>
    </ClCompile>
    <ClCompile Include="GraphicsEngine.cpp">
      <Filter>GFX</Filter>
    </ClCompile>
    <ClCompile Include="VideoCheck.cpp">
      <Filter>GFX</Filter>
    </ClCompile>
    <ClCompile Include="Texture.cpp">
      <Filter>Texture</Filter>
    </ClCompile>
    <ClCompile Include="TextureManager.cpp">
      <Filter>Texture</Filter>
    </ClCompile>
    <ClCompile Include="GeometryBuffer.cpp">
      <Filter>Geometry</Filter>
    </ClCompile>
    <ClCompile Include="GeometryManager.cpp">
      <Filter>Geometry</Filter>
    </ClCompile>
    <ClCompile Include="GeometryMesh.cpp">
      <Filter>Geometry</Filter>
    </ClCompile>
    <ClCompile Include="RangeAllocs.cpp">
      <Filter>Geometry</Filter>
    </ClCompile>
    <ClCompile Include="Clipping.cpp">
      <Filter>Font</Filter>
    </ClCompile>
    <ClCompile Include="Font.cpp">
      <Filter>Font</Filter>
    </ClCompile>
    <ClCompile Include="FontManager.cpp">
      <Filter>Font</Filter>
    </ClCompile>
    <ClCompile Include="GFXTextVisitors.cpp">
      <Filter>Font</Filter>
    </ClCompile>
    <ClCompile Include="Text.cpp">
      <Filter>Font</Filter>
    </ClCompile>
    <ClCompile Include="Shader.cpp">
      <Filter>Shader</Filter>
    </ClCompile>
  </ItemGroup>
  <ItemGroup>
    <ClInclude Include="Specific.h">
      <Filter>Common</Filter>
    </ClInclude>
    <ClInclude Include="StdAfx.h">
      <Filter>Common</Filter>
    </ClInclude>
    <ClInclude Include="stl_user_config.h">
      <Filter>Common</Filter>
    </ClInclude>
    <ClInclude Include="CommonStructs.h">
      <Filter>GFX</Filter>
    </ClInclude>
    <ClInclude Include="GFX.H">
      <Filter>GFX</Filter>
    </ClInclude>
    <ClInclude Include="GFXHelper.h">
      <Filter>GFX</Filter>
    </ClInclude>
    <ClInclude Include="GFXObjectFactory.h">
      <Filter>GFX</Filter>
    </ClInclude>
    <ClInclude Include="GFXTypes.h">
      <Filter>GFX</Filter>
    </ClInclude>
    <ClInclude Include="GraphicsEngine.h">
      <Filter>GFX</Filter>
    </ClInclude>
    <ClInclude Include="VideoCheck.h">
      <Filter>GFX</Filter>
    </ClInclude>
    <ClInclude Include="Texture.h">
      <Filter>Texture</Filter>
    </ClInclude>
    <ClInclude Include="TextureManager.h">
      <Filter>Texture</Filter>
    </ClInclude>
    <ClInclude Include="GeometryBuffer.h">
      <Filter>Geometry</Filter>
    </ClInclude>
    <ClInclude Include="GeometryManager.h">
      <Filter>Geometry</Filter>
    </ClInclude>
    <ClInclude Include="GeometryMesh.h">
      <Filter>Geometry</Filter>
    </ClInclude>
    <ClInclude Include="RangeAllocs.h">
      <Filter>Geometry</Filter>
    </ClInclude>
    <ClInclude Include="Clipping.h">
      <Filter>Font</Filter>
    </ClInclude>
    <ClInclude Include="Font.h">
      <Filter>Font</Filter>
    </ClInclude>
    <ClInclude Include="FontManager.h">
      <Filter>Font</Filter>
    </ClInclude>
    <ClInclude Include="GFXTextVisitors.h">
      <Filter>Font</Filter>
    </ClInclude>
    <ClInclude Include="Text.h">
      <Filter>Font</Filter>
    </ClInclude>
    <ClInclude Include="resource.h">
      <Filter>Resource</Filter>
    </ClInclude>
    <ClInclude Include="Shader.h">
      <Filter>Shader</Filter>
    </ClInclude>
  </ItemGroup>
  <ItemGroup>
    <ResourceCompile Include="GFX.rc">
      <Filter>Resource</Filter>
    </ResourceCompile>
  </ItemGroup>
  <ItemGroup>
    <CustomBuild Include="GFX.def">
      <Filter>Common</Filter>
    </CustomBuild>
  </ItemGroup>
</Project>