
Microsoft Visual Studio Solution File, Format Version 11.00
# Visual Studio 2010
Project("{8BC9CEB8-8B4A-11D0-8D11-00A0C91BC942}") = "A7ExportModel", "a7exportmodel\A7ExportModel.vcxproj", "{E775A197-1FD1-51B0-28DF-A0572D1474AD}"
	ProjectSection(ProjectDependencies) = postProject
		{F5769B94-C7AD-7479-611B-746B581FB65E} = {F5769B94-C7AD-7479-611B-746B581FB65E}
		{F692285B-9A6D-6C1A-5E01-2AD141A5C2CC} = {F692285B-9A6D-6C1A-5E01-2AD141A5C2CC}
		{1AD6F753-FADE-ED48-B405-83947B6A576C} = {1AD6F753-FADE-ED48-B405-83947B6A576C}
		{76815827-3A76-5F97-E816-1B34696699FD} = {76815827-3A76-5F97-E816-1B34696699FD}
	EndProjectSection
EndProject
Project("{8BC9CEB8-8B4A-11D0-8D11-00A0C91BC942}") = "AILogic", "AILogic\AILogic.vcxproj", "{E8D3B2D8-7215-BBE1-E56F-5E51A9A7AC17}"
	ProjectSection(ProjectDependencies) = postProject
		{E3B96FFE-E10B-B318-3C7B-C15EBE685889} = {E3B96FFE-E10B-B318-3C7B-C15EBE685889}
		{3C48BD5A-EC3D-EF78-BE7B-96DC9EDCC0E9} = {3C48BD5A-EC3D-EF78-BE7B-96DC9EDCC0E9}
		{F692285B-9A6D-6C1A-5E01-2AD141A5C2CC} = {F692285B-9A6D-6C1A-5E01-2AD141A5C2CC}
		{F4B5148A-89EA-8560-5E7B-CB4062B1321B} = {F4B5148A-89EA-8560-5E7B-CB4062B1321B}
		{8220450E-03F1-02FE-4BFB-15876882EDE4} = {8220450E-03F1-02FE-4BFB-15876882EDE4}
		{F5769B94-C7AD-7479-611B-746B581FB65E} = {F5769B94-C7AD-7479-611B-746B581FB65E}
		{76815827-3A76-5F97-E816-1B34696699FD} = {76815827-3A76-5F97-E816-1B34696699FD}
		{6DDABDEF-D697-86CE-C32F-7CBADFD732D1} = {6DDABDEF-D697-86CE-C32F-7CBADFD732D1}
	EndProjectSection
EndProject
Project("{8BC9CEB8-8B4A-11D0-8D11-00A0C91BC942}") = "Anim", "Anim\Anim.vcxproj", "{938DB1CD-F03A-F001-ABB9-B9E0EF66CA77}"
	ProjectSection(ProjectDependencies) = postProject
		{E3B96FFE-E10B-B318-3C7B-C15EBE685889} = {E3B96FFE-E10B-B318-3C7B-C15EBE685889}
		{F692285B-9A6D-6C1A-5E01-2AD141A5C2CC} = {F692285B-9A6D-6C1A-5E01-2AD141A5C2CC}
		{3C48BD5A-EC3D-EF78-BE7B-96DC9EDCC0E9} = {3C48BD5A-EC3D-EF78-BE7B-96DC9EDCC0E9}
		{F5769B94-C7AD-7479-611B-746B581FB65E} = {F5769B94-C7AD-7479-611B-746B581FB65E}
	EndProjectSection
EndProject
Project("{8BC9CEB8-8B4A-11D0-8D11-00A0C91BC942}") = "AutoRun", "AutoRun\AutoRun.vcxproj", "{46CA9930-8F79-408A-9004-0C2EB22252AB}"
	ProjectSection(ProjectDependencies) = postProject
		{76815827-3A76-5F97-E816-1B34696699FD} = {76815827-3A76-5F97-E816-1B34696699FD}
	EndProjectSection
EndProject
Project("{8BC9CEB8-8B4A-11D0-8D11-00A0C91BC942}") = "BZMConvertor", "BZMConvertor\BZMConvertor.vcxproj", "{15C7A89A-F1F5-48D9-8DFE-0F6767F1F751}"
	ProjectSection(ProjectDependencies) = postProject
		{F5769B94-C7AD-7479-611B-746B581FB65E} = {F5769B94-C7AD-7479-611B-746B581FB65E}
		{F692285B-9A6D-6C1A-5E01-2AD141A5C2CC} = {F692285B-9A6D-6C1A-5E01-2AD141A5C2CC}
		{6DDABDEF-D697-86CE-C32F-7CBADFD732D1} = {6DDABDEF-D697-86CE-C32F-7CBADFD732D1}
		{3C48BD5A-EC3D-EF78-BE7B-96DC9EDCC0E9} = {3C48BD5A-EC3D-EF78-BE7B-96DC9EDCC0E9}
		{902EC209-6E6A-0454-3969-47DEFFDF7D3E} = {902EC209-6E6A-0454-3969-47DEFFDF7D3E}
	EndProjectSection
EndProject
Project("{8BC9CEB8-8B4A-11D0-8D11-00A0C91BC942}") = "BetaKeyGen", "BetaKeyGen\BetaKeyGen.vcxproj", "{10E4D88C-FB4F-EBAC-C0D9-D24A43D20889}"
	ProjectSection(ProjectDependencies) = postProject
		{F692285B-9A6D-6C1A-5E01-2AD141A5C2CC} = {F692285B-9A6D-6C1A-5E01-2AD141A5C2CC}
		{76815827-3A76-5F97-E816-1B34696699FD} = {76815827-3A76-5F97-E816-1B34696699FD}
	EndProjectSection
EndProject
Project("{8BC9CEB8-8B4A-11D0-8D11-00A0C91BC942}") = "BugSlay", "BugSlay\BugSlay.vcxproj", "{E3B96FFE-E10B-B318-3C7B-C15EBE685889}"
EndProject
Project("{8BC9CEB8-8B4A-11D0-8D11-00A0C91BC942}") = "BuildVersion", "buildversion\BuildVersion.vcxproj", "{B3ADEC7B-E195-9974-73BB-BC14B85457EF}"
	ProjectSection(ProjectDependencies) = postProject
		{F692285B-9A6D-6C1A-5E01-2AD141A5C2CC} = {F692285B-9A6D-6C1A-5E01-2AD141A5C2CC}
	EndProjectSection
EndProject
Project("{8BC9CEB8-8B4A-11D0-8D11-00A0C91BC942}") = "Common", "Common\Common.vcxproj", "{10CF52CE-DE05-888B-A6DA-03CCEBCB160E}"
EndProject
Project("{8BC9CEB8-8B4A-11D0-8D11-00A0C91BC942}") = "ELK", "ELK\ELK.vcxproj", "{ADC9B0AF-9488-FB3F-6A98-F843992313CD}"
	ProjectSection(ProjectDependencies) = postProject
		{F692285B-9A6D-6C1A-5E01-2AD141A5C2CC} = {F692285B-9A6D-6C1A-5E01-2AD141A5C2CC}
		{6DDABDEF-D697-86CE-C32F-7CBADFD732D1} = {6DDABDEF-D697-86CE-C32F-7CBADFD732D1}
		{76815827-3A76-5F97-E816-1B34696699FD} = {76815827-3A76-5F97-E816-1B34696699FD}
		{3C48BD5A-EC3D-EF78-BE7B-96DC9EDCC0E9} = {3C48BD5A-EC3D-EF78-BE7B-96DC9EDCC0E9}
		{E3B96FFE-E10B-B318-3C7B-C15EBE685889} = {E3B96FFE-E10B-B318-3C7B-C15EBE685889}
		{F4B5148A-89EA-8560-5E7B-CB4062B1321B} = {F4B5148A-89EA-8560-5E7B-CB4062B1321B}
		{F5769B94-C7AD-7479-611B-746B581FB65E} = {F5769B94-C7AD-7479-611B-746B581FB65E}
	EndProjectSection
EndProject
Project("{8BC9CEB8-8B4A-11D0-8D11-00A0C91BC942}") = "ExcelExporter", "ExcelExporter\ExcelExporter.vcxproj", "{E2E20475-BE5C-057A-7BFC-D22F0CF51925}"
	ProjectSection(ProjectDependencies) = postProject
		{3C48BD5A-EC3D-EF78-BE7B-96DC9EDCC0E9} = {3C48BD5A-EC3D-EF78-BE7B-96DC9EDCC0E9}
		{F692285B-9A6D-6C1A-5E01-2AD141A5C2CC} = {F692285B-9A6D-6C1A-5E01-2AD141A5C2CC}
	EndProjectSection
EndProject
Project("{8BC9CEB8-8B4A-11D0-8D11-00A0C91BC942}") = "FontGen", "FontGen\FontGen.vcxproj", "{D066BFC7-C017-2033-F3D3-5B6D608ED61A}"
	ProjectSection(ProjectDependencies) = postProject
		{E3B96FFE-E10B-B318-3C7B-C15EBE685889} = {E3B96FFE-E10B-B318-3C7B-C15EBE685889}
		{F4B5148A-89EA-8560-5E7B-CB4062B1321B} = {F4B5148A-89EA-8560-5E7B-CB4062B1321B}
		{3C48BD5A-EC3D-EF78-BE7B-96DC9EDCC0E9} = {3C48BD5A-EC3D-EF78-BE7B-96DC9EDCC0E9}
		{F692285B-9A6D-6C1A-5E01-2AD141A5C2CC} = {F692285B-9A6D-6C1A-5E01-2AD141A5C2CC}
		{10CF52CE-DE05-888B-A6DA-03CCEBCB160E} = {10CF52CE-DE05-888B-A6DA-03CCEBCB160E}
		{F5769B94-C7AD-7479-611B-746B581FB65E} = {F5769B94-C7AD-7479-611B-746B581FB65E}
	EndProjectSection
EndProject
Project("{8BC9CEB8-8B4A-11D0-8D11-00A0C91BC942}") = "Formats", "Formats\Formats.vcxproj", "{F5769B94-C7AD-7479-611B-746B581FB65E}"
EndProject
Project("{8BC9CEB8-8B4A-11D0-8D11-00A0C91BC942}") = "GFX", "GFX\GFX.vcxproj", "{A41743BB-1721-F29D-750C-60193F9D9EDF}"
	ProjectSection(ProjectDependencies) = postProject
		{E3B96FFE-E10B-B318-3C7B-C15EBE685889} = {E3B96FFE-E10B-B318-3C7B-C15EBE685889}
		{F4B5148A-89EA-8560-5E7B-CB4062B1321B} = {F4B5148A-89EA-8560-5E7B-CB4062B1321B}
		{F692285B-9A6D-6C1A-5E01-2AD141A5C2CC} = {F692285B-9A6D-6C1A-5E01-2AD141A5C2CC}
		{3C48BD5A-EC3D-EF78-BE7B-96DC9EDCC0E9} = {3C48BD5A-EC3D-EF78-BE7B-96DC9EDCC0E9}
		{F5769B94-C7AD-7479-611B-746B581FB65E} = {F5769B94-C7AD-7479-611B-746B581FB65E}
	EndProjectSection
EndProject
Project("{8BC9CEB8-8B4A-11D0-8D11-00A0C91BC942}") = "Game", "Game\Game.vcxproj", "{BBAB5A17-9765-872B-8262-D3F1888B126F}"
	ProjectSection(ProjectDependencies) = postProject
		{E3B96FFE-E10B-B318-3C7B-C15EBE685889} = {E3B96FFE-E10B-B318-3C7B-C15EBE685889}
		{902EC209-6E6A-0454-3969-47DEFFDF7D3E} = {902EC209-6E6A-0454-3969-47DEFFDF7D3E}
		{F692285B-9A6D-6C1A-5E01-2AD141A5C2CC} = {F692285B-9A6D-6C1A-5E01-2AD141A5C2CC}
		{3C48BD5A-EC3D-EF78-BE7B-96DC9EDCC0E9} = {3C48BD5A-EC3D-EF78-BE7B-96DC9EDCC0E9}
		{A5E1E59E-6FB7-4415-7655-5B1471389C9E} = {A5E1E59E-6FB7-4415-7655-5B1471389C9E}
		{6DDABDEF-D697-86CE-C32F-7CBADFD732D1} = {6DDABDEF-D697-86CE-C32F-7CBADFD732D1}
		{F5769B94-C7AD-7479-611B-746B581FB65E} = {F5769B94-C7AD-7479-611B-746B581FB65E}
		{8220450E-03F1-02FE-4BFB-15876882EDE4} = {8220450E-03F1-02FE-4BFB-15876882EDE4}
		{9154ECB9-58EF-D651-80B8-51F22655F061} = {9154ECB9-58EF-D651-80B8-51F22655F061}
	EndProjectSection
EndProject
Project("{8BC9CEB8-8B4A-11D0-8D11-00A0C91BC942}") = "GameSpy", "GameSpy\GameSpy.vcxproj", "{F01AE6CB-3FD7-104B-8A40-F406BE7686A4}"
EndProject
Project("{8BC9CEB8-8B4A-11D0-8D11-00A0C91BC942}") = "GameTT", "GameTT\GameTT.vcxproj", "{A5E1E59E-6FB7-4415-7655-5B1471389C9E}"
	ProjectSection(ProjectDependencies) = postProject
		{E3B96FFE-E10B-B318-3C7B-C15EBE685889} = {E3B96FFE-E10B-B318-3C7B-C15EBE685889}
		{F692285B-9A6D-6C1A-5E01-2AD141A5C2CC} = {F692285B-9A6D-6C1A-5E01-2AD141A5C2CC}
		{3C48BD5A-EC3D-EF78-BE7B-96DC9EDCC0E9} = {3C48BD5A-EC3D-EF78-BE7B-96DC9EDCC0E9}
		{10CF52CE-DE05-888B-A6DA-03CCEBCB160E} = {10CF52CE-DE05-888B-A6DA-03CCEBCB160E}
		{F5769B94-C7AD-7479-611B-746B581FB65E} = {F5769B94-C7AD-7479-611B-746B581FB65E}
		{6DDABDEF-D697-86CE-C32F-7CBADFD732D1} = {6DDABDEF-D697-86CE-C32F-7CBADFD732D1}
	EndProjectSection
EndProject
Project("{8BC9CEB8-8B4A-11D0-8D11-00A0C91BC942}") = "Image", "Image\Image.vcxproj", "{F4B5148A-89EA-8560-5E7B-CB4062B1321B}"
	ProjectSection(ProjectDependencies) = postProject
		{EE0E2A28-9369-C0A3-2225-666287F905A9} = {EE0E2A28-9369-C0A3-2225-666287F905A9}
		{76815827-3A76-5F97-E816-1B34696699FD} = {76815827-3A76-5F97-E816-1B34696699FD}
		{E3B96FFE-E10B-B318-3C7B-C15EBE685889} = {E3B96FFE-E10B-B318-3C7B-C15EBE685889}
		{F692285B-9A6D-6C1A-5E01-2AD141A5C2CC} = {F692285B-9A6D-6C1A-5E01-2AD141A5C2CC}
	EndProjectSection
EndProject
Project("{8BC9CEB8-8B4A-11D0-8D11-00A0C91BC942}") = "ImageDefrag", "imagedefrag\ImageDefrag.vcxproj", "{7F817BF7-9AB5-58CB-5980-32B2C9D7A602}"
	ProjectSection(ProjectDependencies) = postProject
		{E3B96FFE-E10B-B318-3C7B-C15EBE685889} = {E3B96FFE-E10B-B318-3C7B-C15EBE685889}
		{F4B5148A-89EA-8560-5E7B-CB4062B1321B} = {F4B5148A-89EA-8560-5E7B-CB4062B1321B}
		{F692285B-9A6D-6C1A-5E01-2AD141A5C2CC} = {F692285B-9A6D-6C1A-5E01-2AD141A5C2CC}
		{3C48BD5A-EC3D-EF78-BE7B-96DC9EDCC0E9} = {3C48BD5A-EC3D-EF78-BE7B-96DC9EDCC0E9}
		{6DDABDEF-D697-86CE-C32F-7CBADFD732D1} = {6DDABDEF-D697-86CE-C32F-7CBADFD732D1}
		{F5769B94-C7AD-7479-611B-746B581FB65E} = {F5769B94-C7AD-7479-611B-746B581FB65E}
		{902EC209-6E6A-0454-3969-47DEFFDF7D3E} = {902EC209-6E6A-0454-3969-47DEFFDF7D3E}
	EndProjectSection
EndProject
Project("{8BC9CEB8-8B4A-11D0-8D11-00A0C91BC942}") = "Input", "Input\Input.vcxproj", "{F5CD41F4-14EE-485D-961F-EBBA58EB5230}"
	ProjectSection(ProjectDependencies) = postProject
		{E3B96FFE-E10B-B318-3C7B-C15EBE685889} = {E3B96FFE-E10B-B318-3C7B-C15EBE685889}
		{F692285B-9A6D-6C1A-5E01-2AD141A5C2CC} = {F692285B-9A6D-6C1A-5E01-2AD141A5C2CC}
		{3C48BD5A-EC3D-EF78-BE7B-96DC9EDCC0E9} = {3C48BD5A-EC3D-EF78-BE7B-96DC9EDCC0E9}
	EndProjectSection
EndProject
Project("{8BC9CEB8-8B4A-11D0-8D11-00A0C91BC942}") = "InterfaceSystemTest", "InterfaceSystemTest\InterfaceSystemTest.vcxproj", "{7AEE9155-DDEA-5988-4D3E-30CF4E3C838F}"
EndProject
Project("{8BC9CEB8-8B4A-11D0-8D11-00A0C91BC942}") = "LuaLib", "LuaLib\LuaLib.vcxproj", "{8220450E-03F1-02FE-4BFB-15876882EDE4}"
EndProject
Project("{8BC9CEB8-8B4A-11D0-8D11-00A0C91BC942}") = "Main", "Main\Main.vcxproj", "{902EC209-6E6A-0454-3969-47DEFFDF7D3E}"
	ProjectSection(ProjectDependencies) = postProject
		{E3B96FFE-E10B-B318-3C7B-C15EBE685889} = {E3B96FFE-E10B-B318-3C7B-C15EBE685889}
		{1A5E0072-CFB2-EB07-519B-9B694DAA16C2} = {1A5E0072-CFB2-EB07-519B-9B694DAA16C2}
		{E8D3B2D8-7215-BBE1-E56F-5E51A9A7AC17} = {E8D3B2D8-7215-BBE1-E56F-5E51A9A7AC17}
		{938DB1CD-F03A-F001-ABB9-B9E0EF66CA77} = {938DB1CD-F03A-F001-ABB9-B9E0EF66CA77}
		{F4B5148A-89EA-8560-5E7B-CB4062B1321B} = {F4B5148A-89EA-8560-5E7B-CB4062B1321B}
		{F5CD41F4-14EE-485D-961F-EBBA58EB5230} = {F5CD41F4-14EE-485D-961F-EBBA58EB5230}
		{152BCDE3-A88E-DDE4-A918-19A0165E940D} = {152BCDE3-A88E-DDE4-A918-19A0165E940D}
		{5421F799-E08E-CAD2-1169-71C81DCA5DFC} = {5421F799-E08E-CAD2-1169-71C81DCA5DFC}
		{A41743BB-1721-F29D-750C-60193F9D9EDF} = {A41743BB-1721-F29D-750C-60193F9D9EDF}
		{8220450E-03F1-02FE-4BFB-15876882EDE4} = {8220450E-03F1-02FE-4BFB-15876882EDE4}
		{76815827-3A76-5F97-E816-1B34696699FD} = {76815827-3A76-5F97-E816-1B34696699FD}
		{3C48BD5A-EC3D-EF78-BE7B-96DC9EDCC0E9} = {3C48BD5A-EC3D-EF78-BE7B-96DC9EDCC0E9}
		{9154ECB9-58EF-D651-80B8-51F22655F061} = {9154ECB9-58EF-D651-80B8-51F22655F061}
		{F01AE6CB-3FD7-104B-8A40-F406BE7686A4} = {F01AE6CB-3FD7-104B-8A40-F406BE7686A4}
	EndProjectSection
EndProject
Project("{8BC9CEB8-8B4A-11D0-8D11-00A0C91BC942}") = "MapEditor", "MapEditor\MapEditor.vcxproj", "{57F52428-10A5-1805-8B0B-E6116A6CCCC4}"
	ProjectSection(ProjectDependencies) = postProject
		{E8D3B2D8-7215-BBE1-E56F-5E51A9A7AC17} = {E8D3B2D8-7215-BBE1-E56F-5E51A9A7AC17}
		{938DB1CD-F03A-F001-ABB9-B9E0EF66CA77} = {938DB1CD-F03A-F001-ABB9-B9E0EF66CA77}
		{E3B96FFE-E10B-B318-3C7B-C15EBE685889} = {E3B96FFE-E10B-B318-3C7B-C15EBE685889}
		{10CF52CE-DE05-888B-A6DA-03CCEBCB160E} = {10CF52CE-DE05-888B-A6DA-03CCEBCB160E}
		{F5769B94-C7AD-7479-611B-746B581FB65E} = {F5769B94-C7AD-7479-611B-746B581FB65E}
		{A5E1E59E-6FB7-4415-7655-5B1471389C9E} = {A5E1E59E-6FB7-4415-7655-5B1471389C9E}
		{A41743BB-1721-F29D-750C-60193F9D9EDF} = {A41743BB-1721-F29D-750C-60193F9D9EDF}
		{F4B5148A-89EA-8560-5E7B-CB4062B1321B} = {F4B5148A-89EA-8560-5E7B-CB4062B1321B}
		{F5CD41F4-14EE-485D-961F-EBBA58EB5230} = {F5CD41F4-14EE-485D-961F-EBBA58EB5230}
		{902EC209-6E6A-0454-3969-47DEFFDF7D3E} = {902EC209-6E6A-0454-3969-47DEFFDF7D3E}
		{F692285B-9A6D-6C1A-5E01-2AD141A5C2CC} = {F692285B-9A6D-6C1A-5E01-2AD141A5C2CC}
		{152BCDE3-A88E-DDE4-A918-19A0165E940D} = {152BCDE3-A88E-DDE4-A918-19A0165E940D}
		{3C48BD5A-EC3D-EF78-BE7B-96DC9EDCC0E9} = {3C48BD5A-EC3D-EF78-BE7B-96DC9EDCC0E9}
		{6DDABDEF-D697-86CE-C32F-7CBADFD732D1} = {6DDABDEF-D697-86CE-C32F-7CBADFD732D1}
		{8220450E-03F1-02FE-4BFB-15876882EDE4} = {8220450E-03F1-02FE-4BFB-15876882EDE4}
	EndProjectSection
EndProject
Project("{8BC9CEB8-8B4A-11D0-8D11-00A0C91BC942}") = "Misc", "Misc\Misc.vcxproj", "{F692285B-9A6D-6C1A-5E01-2AD141A5C2CC}"
	ProjectSection(ProjectDependencies) = postProject
		{E3B96FFE-E10B-B318-3C7B-C15EBE685889} = {E3B96FFE-E10B-B318-3C7B-C15EBE685889}
	EndProjectSection
EndProject
Project("{8BC9CEB8-8B4A-11D0-8D11-00A0C91BC942}") = "Net", "Net\Net.vcxproj", "{9154ECB9-58EF-D651-80B8-51F22655F061}"
	ProjectSection(ProjectDependencies) = postProject
		{E3B96FFE-E10B-B318-3C7B-C15EBE685889} = {E3B96FFE-E10B-B318-3C7B-C15EBE685889}
		{F692285B-9A6D-6C1A-5E01-2AD141A5C2CC} = {F692285B-9A6D-6C1A-5E01-2AD141A5C2CC}
		{3C48BD5A-EC3D-EF78-BE7B-96DC9EDCC0E9} = {3C48BD5A-EC3D-EF78-BE7B-96DC9EDCC0E9}
		{F01AE6CB-3FD7-104B-8A40-F406BE7686A4} = {F01AE6CB-3FD7-104B-8A40-F406BE7686A4}
	EndProjectSection
EndProject
Project("{8BC9CEB8-8B4A-11D0-8D11-00A0C91BC942}") = "PlanePathTest", "PlanePathTest\PlanePathTest.vcxproj", "{F2B38FA5-60B0-C6BF-5087-4D7291217430}"
	ProjectSection(ProjectDependencies) = postProject
		{E3B96FFE-E10B-B318-3C7B-C15EBE685889} = {E3B96FFE-E10B-B318-3C7B-C15EBE685889}
		{F692285B-9A6D-6C1A-5E01-2AD141A5C2CC} = {F692285B-9A6D-6C1A-5E01-2AD141A5C2CC}
	EndProjectSection
EndProject
Project("{8BC9CEB8-8B4A-11D0-8D11-00A0C91BC942}") = "RandomMapGen", "RandomMapGen\RandomMapGen.vcxproj", "{6DDABDEF-D697-86CE-C32F-7CBADFD732D1}"
EndProject
Project("{8BC9CEB8-8B4A-11D0-8D11-00A0C91BC942}") = "SFX", "SFX\SFX.vcxproj", "{5421F799-E08E-CAD2-1169-71C81DCA5DFC}"
	ProjectSection(ProjectDependencies) = postProject
		{E3B96FFE-E10B-B318-3C7B-C15EBE685889} = {E3B96FFE-E10B-B318-3C7B-C15EBE685889}
		{F692285B-9A6D-6C1A-5E01-2AD141A5C2CC} = {F692285B-9A6D-6C1A-5E01-2AD141A5C2CC}
		{3C48BD5A-EC3D-EF78-BE7B-96DC9EDCC0E9} = {3C48BD5A-EC3D-EF78-BE7B-96DC9EDCC0E9}
	EndProjectSection
EndProject
Project("{8BC9CEB8-8B4A-11D0-8D11-00A0C91BC942}") = "Scene", "Scene\Scene.vcxproj", "{152BCDE3-A88E-DDE4-A918-19A0165E940D}"
	ProjectSection(ProjectDependencies) = postProject
		{E3B96FFE-E10B-B318-3C7B-C15EBE685889} = {E3B96FFE-E10B-B318-3C7B-C15EBE685889}
		{F692285B-9A6D-6C1A-5E01-2AD141A5C2CC} = {F692285B-9A6D-6C1A-5E01-2AD141A5C2CC}
		{3C48BD5A-EC3D-EF78-BE7B-96DC9EDCC0E9} = {3C48BD5A-EC3D-EF78-BE7B-96DC9EDCC0E9}
		{5421F799-E08E-CAD2-1169-71C81DCA5DFC} = {5421F799-E08E-CAD2-1169-71C81DCA5DFC}
		{F5769B94-C7AD-7479-611B-746B581FB65E} = {F5769B94-C7AD-7479-611B-746B581FB65E}
	EndProjectSection
EndProject
Project("{8BC9CEB8-8B4A-11D0-8D11-00A0C91BC942}") = "SoundVerifycation", "SoundVerifycation\SoundVerifycation.vcxproj", "{445893EE-3887-DCD7-B985-E715D2DC68C7}"
	ProjectSection(ProjectDependencies) = postProject
		{E3B96FFE-E10B-B318-3C7B-C15EBE685889} = {E3B96FFE-E10B-B318-3C7B-C15EBE685889}
		{F692285B-9A6D-6C1A-5E01-2AD141A5C2CC} = {F692285B-9A6D-6C1A-5E01-2AD141A5C2CC}
	EndProjectSection
EndProject
Project("{8BC9CEB8-8B4A-11D0-8D11-00A0C91BC942}") = "StreamIO", "StreamIO\StreamIO.vcxproj", "{3C48BD5A-EC3D-EF78-BE7B-96DC9EDCC0E9}"
	ProjectSection(ProjectDependencies) = postProject
		{76815827-3A76-5F97-E816-1B34696699FD} = {76815827-3A76-5F97-E816-1B34696699FD}
		{E3B96FFE-E10B-B318-3C7B-C15EBE685889} = {E3B96FFE-E10B-B318-3C7B-C15EBE685889}
		{F692285B-9A6D-6C1A-5E01-2AD141A5C2CC} = {F692285B-9A6D-6C1A-5E01-2AD141A5C2CC}
	EndProjectSection
EndProject
Project("{8BC9CEB8-8B4A-11D0-8D11-00A0C91BC942}") = "StreamIOLib", "StreamIOLib\StreamIOLib.vcxproj", "{1AD6F753-FADE-ED48-B405-83947B6A576C}"
EndProject
Project("{8BC9CEB8-8B4A-11D0-8D11-00A0C91BC942}") = "UI", "UI\UI.vcxproj", "{1A5E0072-CFB2-EB07-519B-9B694DAA16C2}"
	ProjectSection(ProjectDependencies) = postProject
		{E3B96FFE-E10B-B318-3C7B-C15EBE685889} = {E3B96FFE-E10B-B318-3C7B-C15EBE685889}
		{F692285B-9A6D-6C1A-5E01-2AD141A5C2CC} = {F692285B-9A6D-6C1A-5E01-2AD141A5C2CC}
		{3C48BD5A-EC3D-EF78-BE7B-96DC9EDCC0E9} = {3C48BD5A-EC3D-EF78-BE7B-96DC9EDCC0E9}
		{8220450E-03F1-02FE-4BFB-15876882EDE4} = {8220450E-03F1-02FE-4BFB-15876882EDE4}
	EndProjectSection
EndProject
Project("{8BC9CEB8-8B4A-11D0-8D11-00A0C91BC942}") = "editor", "editor\editor.vcxproj", "{425EDE25-204A-B5C4-9C5F-C77FD3F123E1}"
	ProjectSection(ProjectDependencies) = postProject
		{E3B96FFE-E10B-B318-3C7B-C15EBE685889} = {E3B96FFE-E10B-B318-3C7B-C15EBE685889}
		{A41743BB-1721-F29D-750C-60193F9D9EDF} = {A41743BB-1721-F29D-750C-60193F9D9EDF}
		{902EC209-6E6A-0454-3969-47DEFFDF7D3E} = {902EC209-6E6A-0454-3969-47DEFFDF7D3E}
		{F692285B-9A6D-6C1A-5E01-2AD141A5C2CC} = {F692285B-9A6D-6C1A-5E01-2AD141A5C2CC}
		{3C48BD5A-EC3D-EF78-BE7B-96DC9EDCC0E9} = {3C48BD5A-EC3D-EF78-BE7B-96DC9EDCC0E9}
		{938DB1CD-F03A-F001-ABB9-B9E0EF66CA77} = {938DB1CD-F03A-F001-ABB9-B9E0EF66CA77}
		{F5CD41F4-14EE-485D-961F-EBBA58EB5230} = {F5CD41F4-14EE-485D-961F-EBBA58EB5230}
		{F4B5148A-89EA-8560-5E7B-CB4062B1321B} = {F4B5148A-89EA-8560-5E7B-CB4062B1321B}
		{E8D3B2D8-7215-BBE1-E56F-5E51A9A7AC17} = {E8D3B2D8-7215-BBE1-E56F-5E51A9A7AC17}
		{152BCDE3-A88E-DDE4-A918-19A0165E940D} = {152BCDE3-A88E-DDE4-A918-19A0165E940D}
		{A5E1E59E-6FB7-4415-7655-5B1471389C9E} = {A5E1E59E-6FB7-4415-7655-5B1471389C9E}
		{10CF52CE-DE05-888B-A6DA-03CCEBCB160E} = {10CF52CE-DE05-888B-A6DA-03CCEBCB160E}
		{F5769B94-C7AD-7479-611B-746B581FB65E} = {F5769B94-C7AD-7479-611B-746B581FB65E}
		{6DDABDEF-D697-86CE-C32F-7CBADFD732D1} = {6DDABDEF-D697-86CE-C32F-7CBADFD732D1}
		{8220450E-03F1-02FE-4BFB-15876882EDE4} = {8220450E-03F1-02FE-4BFB-15876882EDE4}
	EndProjectSection
EndProject
Project("{8BC9CEB8-8B4A-11D0-8D11-00A0C91BC942}") = "libpng", "libpng\libpng.vcxproj", "{EE0E2A28-9369-C0A3-2225-666287F905A9}"
EndProject
Project("{8BC9CEB8-8B4A-11D0-8D11-00A0C91BC942}") = "scl", "scl\scl.vcxproj", "{300CF90E-96B7-E07F-24A2-996DAE12A770}"
	ProjectSection(ProjectDependencies) = postProject
		{F692285B-9A6D-6C1A-5E01-2AD141A5C2CC} = {F692285B-9A6D-6C1A-5E01-2AD141A5C2CC}
		{1AD6F753-FADE-ED48-B405-83947B6A576C} = {1AD6F753-FADE-ED48-B405-83947B6A576C}
		{76815827-3A76-5F97-E816-1B34696699FD} = {76815827-3A76-5F97-E816-1B34696699FD}
	EndProjectSection
EndProject
Project("{8BC9CEB8-8B4A-11D0-8D11-00A0C91BC942}") = "zlib", "zlib\zlib.vcxproj", "{76815827-3A76-5F97-E816-1B34696699FD}"
EndProject
Global
	GlobalSection(SolutionConfigurationPlatforms) = preSolution
		BetaRelease|Win32 = BetaRelease|Win32
		Debug|Win32 = Debug|Win32
		FastDebug|Win32 = FastDebug|Win32
		Profiler|Win32 = Profiler|Win32
		Release|Win32 = Release|Win32
		ReleaseDebug|Win32 = ReleaseDebug|Win32
		ReleaseDll|Win32 = ReleaseDll|Win32
		Template|Win32 = Template|Win32
	EndGlobalSection
	GlobalSection(ProjectConfigurationPlatforms) = postSolution
		{E775A197-1FD1-51B0-28DF-A0572D1474AD}.BetaRelease|Win32.ActiveCfg = Release|Win32
		{E775A197-1FD1-51B0-28DF-A0572D1474AD}.BetaRelease|Win32.Build.0 = Release|Win32
		{E775A197-1FD1-51B0-28DF-A0572D1474AD}.Debug|Win32.ActiveCfg = Debug|Win32
		{E775A197-1FD1-51B0-28DF-A0572D1474AD}.Debug|Win32.Build.0 = Debug|Win32
		{E775A197-1FD1-51B0-28DF-A0572D1474AD}.FastDebug|Win32.ActiveCfg = Debug|Win32
		{E775A197-1FD1-51B0-28DF-A0572D1474AD}.FastDebug|Win32.Build.0 = Debug|Win32
		{E775A197-1FD1-51B0-28DF-A0572D1474AD}.Profiler|Win32.ActiveCfg = Release|Win32
		{E775A197-1FD1-51B0-28DF-A0572D1474AD}.Profiler|Win32.Build.0 = Release|Win32
		{E775A197-1FD1-51B0-28DF-A0572D1474AD}.Release|Win32.ActiveCfg = Release|Win32
		{E775A197-1FD1-51B0-28DF-A0572D1474AD}.Release|Win32.Build.0 = Release|Win32
		{E775A197-1FD1-51B0-28DF-A0572D1474AD}.ReleaseDebug|Win32.ActiveCfg = Debug|Win32
		{E775A197-1FD1-51B0-28DF-A0572D1474AD}.ReleaseDebug|Win32.Build.0 = Debug|Win32
		{E775A197-1FD1-51B0-28DF-A0572D1474AD}.ReleaseDll|Win32.ActiveCfg = Release|Win32
		{E775A197-1FD1-51B0-28DF-A0572D1474AD}.ReleaseDll|Win32.Build.0 = Release|Win32
		{E775A197-1FD1-51B0-28DF-A0572D1474AD}.Template|Win32.ActiveCfg = Release|Win32
		{E775A197-1FD1-51B0-28DF-A0572D1474AD}.Template|Win32.Build.0 = Release|Win32
		{E8D3B2D8-7215-BBE1-E56F-5E51A9A7AC17}.BetaRelease|Win32.ActiveCfg = BetaRelease|Win32
		{E8D3B2D8-7215-BBE1-E56F-5E51A9A7AC17}.BetaRelease|Win32.Build.0 = BetaRelease|Win32
		{E8D3B2D8-7215-BBE1-E56F-5E51A9A7AC17}.Debug|Win32.ActiveCfg = Debug|Win32
		{E8D3B2D8-7215-BBE1-E56F-5E51A9A7AC17}.Debug|Win32.Build.0 = Debug|Win32
		{E8D3B2D8-7215-BBE1-E56F-5E51A9A7AC17}.FastDebug|Win32.ActiveCfg = FastDebug|Win32
		{E8D3B2D8-7215-BBE1-E56F-5E51A9A7AC17}.FastDebug|Win32.Build.0 = FastDebug|Win32
		{E8D3B2D8-7215-BBE1-E56F-5E51A9A7AC17}.Profiler|Win32.ActiveCfg = Profiler|Win32
		{E8D3B2D8-7215-BBE1-E56F-5E51A9A7AC17}.Profiler|Win32.Build.0 = Profiler|Win32
		{E8D3B2D8-7215-BBE1-E56F-5E51A9A7AC17}.Release|Win32.ActiveCfg = Release|Win32
		{E8D3B2D8-7215-BBE1-E56F-5E51A9A7AC17}.Release|Win32.Build.0 = Release|Win32
		{E8D3B2D8-7215-BBE1-E56F-5E51A9A7AC17}.ReleaseDebug|Win32.ActiveCfg = Debug|Win32
		{E8D3B2D8-7215-BBE1-E56F-5E51A9A7AC17}.ReleaseDebug|Win32.Build.0 = Debug|Win32
		{E8D3B2D8-7215-BBE1-E56F-5E51A9A7AC17}.ReleaseDll|Win32.ActiveCfg = Release|Win32
		{E8D3B2D8-7215-BBE1-E56F-5E51A9A7AC17}.ReleaseDll|Win32.Build.0 = Release|Win32
		{E8D3B2D8-7215-BBE1-E56F-5E51A9A7AC17}.Template|Win32.ActiveCfg = Template|Win32
		{E8D3B2D8-7215-BBE1-E56F-5E51A9A7AC17}.Template|Win32.Build.0 = Template|Win32
		{938DB1CD-F03A-F001-ABB9-B9E0EF66CA77}.BetaRelease|Win32.ActiveCfg = BetaRelease|Win32
		{938DB1CD-F03A-F001-ABB9-B9E0EF66CA77}.BetaRelease|Win32.Build.0 = BetaRelease|Win32
		{938DB1CD-F03A-F001-ABB9-B9E0EF66CA77}.Debug|Win32.ActiveCfg = Debug|Win32
		{938DB1CD-F03A-F001-ABB9-B9E0EF66CA77}.Debug|Win32.Build.0 = Debug|Win32
		{938DB1CD-F03A-F001-ABB9-B9E0EF66CA77}.FastDebug|Win32.ActiveCfg = FastDebug|Win32
		{938DB1CD-F03A-F001-ABB9-B9E0EF66CA77}.FastDebug|Win32.Build.0 = FastDebug|Win32
		{938DB1CD-F03A-F001-ABB9-B9E0EF66CA77}.Profiler|Win32.ActiveCfg = Profiler|Win32
		{938DB1CD-F03A-F001-ABB9-B9E0EF66CA77}.Profiler|Win32.Build.0 = Profiler|Win32
		{938DB1CD-F03A-F001-ABB9-B9E0EF66CA77}.Release|Win32.ActiveCfg = Release|Win32
		{938DB1CD-F03A-F001-ABB9-B9E0EF66CA77}.Release|Win32.Build.0 = Release|Win32
		{938DB1CD-F03A-F001-ABB9-B9E0EF66CA77}.ReleaseDebug|Win32.ActiveCfg = Debug|Win32
		{938DB1CD-F03A-F001-ABB9-B9E0EF66CA77}.ReleaseDebug|Win32.Build.0 = Debug|Win32
		{938DB1CD-F03A-F001-ABB9-B9E0EF66CA77}.ReleaseDll|Win32.ActiveCfg = Release|Win32
		{938DB1CD-F03A-F001-ABB9-B9E0EF66CA77}.ReleaseDll|Win32.Build.0 = Release|Win32
		{938DB1CD-F03A-F001-ABB9-B9E0EF66CA77}.Template|Win32.ActiveCfg = Template|Win32
		{938DB1CD-F03A-F001-ABB9-B9E0EF66CA77}.Template|Win32.Build.0 = Template|Win32
		{46CA9930-8F79-408A-9004-0C2EB22252AB}.BetaRelease|Win32.ActiveCfg = Release|Win32
		{46CA9930-8F79-408A-9004-0C2EB22252AB}.BetaRelease|Win32.Build.0 = Release|Win32
		{46CA9930-8F79-408A-9004-0C2EB22252AB}.Debug|Win32.ActiveCfg = Debug|Win32
		{46CA9930-8F79-408A-9004-0C2EB22252AB}.Debug|Win32.Build.0 = Debug|Win32
		{46CA9930-8F79-408A-9004-0C2EB22252AB}.FastDebug|Win32.ActiveCfg = Debug|Win32
		{46CA9930-8F79-408A-9004-0C2EB22252AB}.FastDebug|Win32.Build.0 = Debug|Win32
		{46CA9930-8F79-408A-9004-0C2EB22252AB}.Profiler|Win32.ActiveCfg = Template|Win32
		{46CA9930-8F79-408A-9004-0C2EB22252AB}.Profiler|Win32.Build.0 = Template|Win32
		{46CA9930-8F79-408A-9004-0C2EB22252AB}.Release|Win32.ActiveCfg = Release|Win32
		{46CA9930-8F79-408A-9004-0C2EB22252AB}.Release|Win32.Build.0 = Release|Win32
		{46CA9930-8F79-408A-9004-0C2EB22252AB}.ReleaseDebug|Win32.ActiveCfg = Debug|Win32
		{46CA9930-8F79-408A-9004-0C2EB22252AB}.ReleaseDebug|Win32.Build.0 = Debug|Win32
		{46CA9930-8F79-408A-9004-0C2EB22252AB}.ReleaseDll|Win32.ActiveCfg = Release|Win32
		{46CA9930-8F79-408A-9004-0C2EB22252AB}.ReleaseDll|Win32.Build.0 = Release|Win32
		{46CA9930-8F79-408A-9004-0C2EB22252AB}.Template|Win32.ActiveCfg = Template|Win32
		{46CA9930-8F79-408A-9004-0C2EB22252AB}.Template|Win32.Build.0 = Template|Win32
		{15C7A89A-F1F5-48D9-8DFE-0F6767F1F751}.BetaRelease|Win32.ActiveCfg = BetaRelease|Win32
		{15C7A89A-F1F5-48D9-8DFE-0F6767F1F751}.BetaRelease|Win32.Build.0 = BetaRelease|Win32
		{15C7A89A-F1F5-48D9-8DFE-0F6767F1F751}.Debug|Win32.ActiveCfg = Debug|Win32
		{15C7A89A-F1F5-48D9-8DFE-0F6767F1F751}.Debug|Win32.Build.0 = Debug|Win32
		{15C7A89A-F1F5-48D9-8DFE-0F6767F1F751}.FastDebug|Win32.ActiveCfg = FastDebug|Win32
		{15C7A89A-F1F5-48D9-8DFE-0F6767F1F751}.FastDebug|Win32.Build.0 = FastDebug|Win32
		{15C7A89A-F1F5-48D9-8DFE-0F6767F1F751}.Profiler|Win32.ActiveCfg = Template|Win32
		{15C7A89A-F1F5-48D9-8DFE-0F6767F1F751}.Profiler|Win32.Build.0 = Template|Win32
		{15C7A89A-F1F5-48D9-8DFE-0F6767F1F751}.Release|Win32.ActiveCfg = Release|Win32
		{15C7A89A-F1F5-48D9-8DFE-0F6767F1F751}.Release|Win32.Build.0 = Release|Win32
		{15C7A89A-F1F5-48D9-8DFE-0F6767F1F751}.ReleaseDebug|Win32.ActiveCfg = Debug|Win32
		{15C7A89A-F1F5-48D9-8DFE-0F6767F1F751}.ReleaseDebug|Win32.Build.0 = Debug|Win32
		{15C7A89A-F1F5-48D9-8DFE-0F6767F1F751}.ReleaseDll|Win32.ActiveCfg = Release|Win32
		{15C7A89A-F1F5-48D9-8DFE-0F6767F1F751}.ReleaseDll|Win32.Build.0 = Release|Win32
		{15C7A89A-F1F5-48D9-8DFE-0F6767F1F751}.Template|Win32.ActiveCfg = Template|Win32
		{15C7A89A-F1F5-48D9-8DFE-0F6767F1F751}.Template|Win32.Build.0 = Template|Win32
		{10E4D88C-FB4F-EBAC-C0D9-D24A43D20889}.BetaRelease|Win32.ActiveCfg = Release|Win32
		{10E4D88C-FB4F-EBAC-C0D9-D24A43D20889}.BetaRelease|Win32.Build.0 = Release|Win32
		{10E4D88C-FB4F-EBAC-C0D9-D24A43D20889}.Debug|Win32.ActiveCfg = Debug|Win32
		{10E4D88C-FB4F-EBAC-C0D9-D24A43D20889}.Debug|Win32.Build.0 = Debug|Win32
		{10E4D88C-FB4F-EBAC-C0D9-D24A43D20889}.FastDebug|Win32.ActiveCfg = Debug|Win32
		{10E4D88C-FB4F-EBAC-C0D9-D24A43D20889}.FastDebug|Win32.Build.0 = Debug|Win32
		{10E4D88C-FB4F-EBAC-C0D9-D24A43D20889}.Profiler|Win32.ActiveCfg = Template|Win32
		{10E4D88C-FB4F-EBAC-C0D9-D24A43D20889}.Profiler|Win32.Build.0 = Template|Win32
		{10E4D88C-FB4F-EBAC-C0D9-D24A43D20889}.Release|Win32.ActiveCfg = Release|Win32
		{10E4D88C-FB4F-EBAC-C0D9-D24A43D20889}.Release|Win32.Build.0 = Release|Win32
		{10E4D88C-FB4F-EBAC-C0D9-D24A43D20889}.ReleaseDebug|Win32.ActiveCfg = Debug|Win32
		{10E4D88C-FB4F-EBAC-C0D9-D24A43D20889}.ReleaseDebug|Win32.Build.0 = Debug|Win32
		{10E4D88C-FB4F-EBAC-C0D9-D24A43D20889}.ReleaseDll|Win32.ActiveCfg = Release|Win32
		{10E4D88C-FB4F-EBAC-C0D9-D24A43D20889}.ReleaseDll|Win32.Build.0 = Release|Win32
		{10E4D88C-FB4F-EBAC-C0D9-D24A43D20889}.Template|Win32.ActiveCfg = Template|Win32
		{10E4D88C-FB4F-EBAC-C0D9-D24A43D20889}.Template|Win32.Build.0 = Template|Win32
		{E3B96FFE-E10B-B318-3C7B-C15EBE685889}.BetaRelease|Win32.ActiveCfg = BetaRelease|Win32
		{E3B96FFE-E10B-B318-3C7B-C15EBE685889}.BetaRelease|Win32.Build.0 = BetaRelease|Win32
		{E3B96FFE-E10B-B318-3C7B-C15EBE685889}.Debug|Win32.ActiveCfg = Debug|Win32
		{E3B96FFE-E10B-B318-3C7B-C15EBE685889}.Debug|Win32.Build.0 = Debug|Win32
		{E3B96FFE-E10B-B318-3C7B-C15EBE685889}.FastDebug|Win32.ActiveCfg = FastDebug|Win32
		{E3B96FFE-E10B-B318-3C7B-C15EBE685889}.FastDebug|Win32.Build.0 = FastDebug|Win32
		{E3B96FFE-E10B-B318-3C7B-C15EBE685889}.Profiler|Win32.ActiveCfg = Profiler|Win32
		{E3B96FFE-E10B-B318-3C7B-C15EBE685889}.Profiler|Win32.Build.0 = Profiler|Win32
		{E3B96FFE-E10B-B318-3C7B-C15EBE685889}.Release|Win32.ActiveCfg = Release|Win32
		{E3B96FFE-E10B-B318-3C7B-C15EBE685889}.Release|Win32.Build.0 = Release|Win32
		{E3B96FFE-E10B-B318-3C7B-C15EBE685889}.ReleaseDebug|Win32.ActiveCfg = Debug|Win32
		{E3B96FFE-E10B-B318-3C7B-C15EBE685889}.ReleaseDebug|Win32.Build.0 = Debug|Win32
		{E3B96FFE-E10B-B318-3C7B-C15EBE685889}.ReleaseDll|Win32.ActiveCfg = Release|Win32
		{E3B96FFE-E10B-B318-3C7B-C15EBE685889}.ReleaseDll|Win32.Build.0 = Release|Win32
		{E3B96FFE-E10B-B318-3C7B-C15EBE685889}.Template|Win32.ActiveCfg = Template|Win32
		{E3B96FFE-E10B-B318-3C7B-C15EBE685889}.Template|Win32.Build.0 = Template|Win32
		{B3ADEC7B-E195-9974-73BB-BC14B85457EF}.BetaRelease|Win32.ActiveCfg = Release|Win32
		{B3ADEC7B-E195-9974-73BB-BC14B85457EF}.BetaRelease|Win32.Build.0 = Release|Win32
		{B3ADEC7B-E195-9974-73BB-BC14B85457EF}.Debug|Win32.ActiveCfg = Debug|Win32
		{B3ADEC7B-E195-9974-73BB-BC14B85457EF}.Debug|Win32.Build.0 = Debug|Win32
		{B3ADEC7B-E195-9974-73BB-BC14B85457EF}.FastDebug|Win32.ActiveCfg = Debug|Win32
		{B3ADEC7B-E195-9974-73BB-BC14B85457EF}.FastDebug|Win32.Build.0 = Debug|Win32
		{B3ADEC7B-E195-9974-73BB-BC14B85457EF}.Profiler|Win32.ActiveCfg = Template|Win32
		{B3ADEC7B-E195-9974-73BB-BC14B85457EF}.Profiler|Win32.Build.0 = Template|Win32
		{B3ADEC7B-E195-9974-73BB-BC14B85457EF}.Release|Win32.ActiveCfg = Release|Win32
		{B3ADEC7B-E195-9974-73BB-BC14B85457EF}.Release|Win32.Build.0 = Release|Win32
		{B3ADEC7B-E195-9974-73BB-BC14B85457EF}.ReleaseDebug|Win32.ActiveCfg = Debug|Win32
		{B3ADEC7B-E195-9974-73BB-BC14B85457EF}.ReleaseDebug|Win32.Build.0 = Debug|Win32
		{B3ADEC7B-E195-9974-73BB-BC14B85457EF}.ReleaseDll|Win32.ActiveCfg = Release|Win32
		{B3ADEC7B-E195-9974-73BB-BC14B85457EF}.ReleaseDll|Win32.Build.0 = Release|Win32
		{B3ADEC7B-E195-9974-73BB-BC14B85457EF}.Template|Win32.ActiveCfg = Template|Win32
		{B3ADEC7B-E195-9974-73BB-BC14B85457EF}.Template|Win32.Build.0 = Template|Win32
		{10CF52CE-DE05-888B-A6DA-03CCEBCB160E}.BetaRelease|Win32.ActiveCfg = BetaRelease|Win32
		{10CF52CE-DE05-888B-A6DA-03CCEBCB160E}.BetaRelease|Win32.Build.0 = BetaRelease|Win32
		{10CF52CE-DE05-888B-A6DA-03CCEBCB160E}.Debug|Win32.ActiveCfg = Debug|Win32
		{10CF52CE-DE05-888B-A6DA-03CCEBCB160E}.Debug|Win32.Build.0 = Debug|Win32
		{10CF52CE-DE05-888B-A6DA-03CCEBCB160E}.FastDebug|Win32.ActiveCfg = FastDebug|Win32
		{10CF52CE-DE05-888B-A6DA-03CCEBCB160E}.FastDebug|Win32.Build.0 = FastDebug|Win32
		{10CF52CE-DE05-888B-A6DA-03CCEBCB160E}.Profiler|Win32.ActiveCfg = Profiler|Win32
		{10CF52CE-DE05-888B-A6DA-03CCEBCB160E}.Profiler|Win32.Build.0 = Profiler|Win32
		{10CF52CE-DE05-888B-A6DA-03CCEBCB160E}.Release|Win32.ActiveCfg = Release|Win32
		{10CF52CE-DE05-888B-A6DA-03CCEBCB160E}.Release|Win32.Build.0 = Release|Win32
		{10CF52CE-DE05-888B-A6DA-03CCEBCB160E}.ReleaseDebug|Win32.ActiveCfg = Debug|Win32
		{10CF52CE-DE05-888B-A6DA-03CCEBCB160E}.ReleaseDebug|Win32.Build.0 = Debug|Win32
		{10CF52CE-DE05-888B-A6DA-03CCEBCB160E}.ReleaseDll|Win32.ActiveCfg = Release|Win32
		{10CF52CE-DE05-888B-A6DA-03CCEBCB160E}.ReleaseDll|Win32.Build.0 = Release|Win32
		{10CF52CE-DE05-888B-A6DA-03CCEBCB160E}.Template|Win32.ActiveCfg = Template|Win32
		{10CF52CE-DE05-888B-A6DA-03CCEBCB160E}.Template|Win32.Build.0 = Template|Win32
		{ADC9B0AF-9488-FB3F-6A98-F843992313CD}.BetaRelease|Win32.ActiveCfg = BetaRelease|Win32
		{ADC9B0AF-9488-FB3F-6A98-F843992313CD}.BetaRelease|Win32.Build.0 = BetaRelease|Win32
		{ADC9B0AF-9488-FB3F-6A98-F843992313CD}.Debug|Win32.ActiveCfg = Debug|Win32
		{ADC9B0AF-9488-FB3F-6A98-F843992313CD}.Debug|Win32.Build.0 = Debug|Win32
		{ADC9B0AF-9488-FB3F-6A98-F843992313CD}.FastDebug|Win32.ActiveCfg = FastDebug|Win32
		{ADC9B0AF-9488-FB3F-6A98-F843992313CD}.FastDebug|Win32.Build.0 = FastDebug|Win32
		{ADC9B0AF-9488-FB3F-6A98-F843992313CD}.Profiler|Win32.ActiveCfg = Template|Win32
		{ADC9B0AF-9488-FB3F-6A98-F843992313CD}.Profiler|Win32.Build.0 = Template|Win32
		{ADC9B0AF-9488-FB3F-6A98-F843992313CD}.Release|Win32.ActiveCfg = Release|Win32
		{ADC9B0AF-9488-FB3F-6A98-F843992313CD}.Release|Win32.Build.0 = Release|Win32
		{ADC9B0AF-9488-FB3F-6A98-F843992313CD}.ReleaseDebug|Win32.ActiveCfg = Debug|Win32
		{ADC9B0AF-9488-FB3F-6A98-F843992313CD}.ReleaseDebug|Win32.Build.0 = Debug|Win32
		{ADC9B0AF-9488-FB3F-6A98-F843992313CD}.ReleaseDll|Win32.ActiveCfg = Release|Win32
		{ADC9B0AF-9488-FB3F-6A98-F843992313CD}.ReleaseDll|Win32.Build.0 = Release|Win32
		{ADC9B0AF-9488-FB3F-6A98-F843992313CD}.Template|Win32.ActiveCfg = Template|Win32
		{ADC9B0AF-9488-FB3F-6A98-F843992313CD}.Template|Win32.Build.0 = Template|Win32
		{E2E20475-BE5C-057A-7BFC-D22F0CF51925}.BetaRelease|Win32.ActiveCfg = BetaRelease|Win32
		{E2E20475-BE5C-057A-7BFC-D22F0CF51925}.BetaRelease|Win32.Build.0 = BetaRelease|Win32
		{E2E20475-BE5C-057A-7BFC-D22F0CF51925}.Debug|Win32.ActiveCfg = Debug|Win32
		{E2E20475-BE5C-057A-7BFC-D22F0CF51925}.Debug|Win32.Build.0 = Debug|Win32
		{E2E20475-BE5C-057A-7BFC-D22F0CF51925}.FastDebug|Win32.ActiveCfg = FastDebug|Win32
		{E2E20475-BE5C-057A-7BFC-D22F0CF51925}.FastDebug|Win32.Build.0 = FastDebug|Win32
		{E2E20475-BE5C-057A-7BFC-D22F0CF51925}.Profiler|Win32.ActiveCfg = Template|Win32
		{E2E20475-BE5C-057A-7BFC-D22F0CF51925}.Profiler|Win32.Build.0 = Template|Win32
		{E2E20475-BE5C-057A-7BFC-D22F0CF51925}.Release|Win32.ActiveCfg = Release|Win32
		{E2E20475-BE5C-057A-7BFC-D22F0CF51925}.Release|Win32.Build.0 = Release|Win32
		{E2E20475-BE5C-057A-7BFC-D22F0CF51925}.ReleaseDebug|Win32.ActiveCfg = Debug|Win32
		{E2E20475-BE5C-057A-7BFC-D22F0CF51925}.ReleaseDebug|Win32.Build.0 = Debug|Win32
		{E2E20475-BE5C-057A-7BFC-D22F0CF51925}.ReleaseDll|Win32.ActiveCfg = Release|Win32
		{E2E20475-BE5C-057A-7BFC-D22F0CF51925}.ReleaseDll|Win32.Build.0 = Release|Win32
		{E2E20475-BE5C-057A-7BFC-D22F0CF51925}.Template|Win32.ActiveCfg = Template|Win32
		{E2E20475-BE5C-057A-7BFC-D22F0CF51925}.Template|Win32.Build.0 = Template|Win32
		{D066BFC7-C017-2033-F3D3-5B6D608ED61A}.BetaRelease|Win32.ActiveCfg = BetaRelease|Win32
		{D066BFC7-C017-2033-F3D3-5B6D608ED61A}.BetaRelease|Win32.Build.0 = BetaRelease|Win32
		{D066BFC7-C017-2033-F3D3-5B6D608ED61A}.Debug|Win32.ActiveCfg = Debug|Win32
		{D066BFC7-C017-2033-F3D3-5B6D608ED61A}.Debug|Win32.Build.0 = Debug|Win32
		{D066BFC7-C017-2033-F3D3-5B6D608ED61A}.FastDebug|Win32.ActiveCfg = FastDebug|Win32
		{D066BFC7-C017-2033-F3D3-5B6D608ED61A}.FastDebug|Win32.Build.0 = FastDebug|Win32
		{D066BFC7-C017-2033-F3D3-5B6D608ED61A}.Profiler|Win32.ActiveCfg = Template|Win32
		{D066BFC7-C017-2033-F3D3-5B6D608ED61A}.Profiler|Win32.Build.0 = Template|Win32
		{D066BFC7-C017-2033-F3D3-5B6D608ED61A}.Release|Win32.ActiveCfg = Release|Win32
		{D066BFC7-C017-2033-F3D3-5B6D608ED61A}.Release|Win32.Build.0 = Release|Win32
		{D066BFC7-C017-2033-F3D3-5B6D608ED61A}.ReleaseDebug|Win32.ActiveCfg = ReleaseDebug|Win32
		{D066BFC7-C017-2033-F3D3-5B6D608ED61A}.ReleaseDebug|Win32.Build.0 = ReleaseDebug|Win32
		{D066BFC7-C017-2033-F3D3-5B6D608ED61A}.ReleaseDll|Win32.ActiveCfg = ReleaseDebug|Win32
		{D066BFC7-C017-2033-F3D3-5B6D608ED61A}.ReleaseDll|Win32.Build.0 = ReleaseDebug|Win32
		{D066BFC7-C017-2033-F3D3-5B6D608ED61A}.Template|Win32.ActiveCfg = Template|Win32
		{D066BFC7-C017-2033-F3D3-5B6D608ED61A}.Template|Win32.Build.0 = Template|Win32
		{F5769B94-C7AD-7479-611B-746B581FB65E}.BetaRelease|Win32.ActiveCfg = BetaRelease|Win32
		{F5769B94-C7AD-7479-611B-746B581FB65E}.BetaRelease|Win32.Build.0 = BetaRelease|Win32
		{F5769B94-C7AD-7479-611B-746B581FB65E}.Debug|Win32.ActiveCfg = Debug|Win32
		{F5769B94-C7AD-7479-611B-746B581FB65E}.Debug|Win32.Build.0 = Debug|Win32
		{F5769B94-C7AD-7479-611B-746B581FB65E}.FastDebug|Win32.ActiveCfg = FastDebug|Win32
		{F5769B94-C7AD-7479-611B-746B581FB65E}.FastDebug|Win32.Build.0 = FastDebug|Win32
		{F5769B94-C7AD-7479-611B-746B581FB65E}.Profiler|Win32.ActiveCfg = Profiler|Win32
		{F5769B94-C7AD-7479-611B-746B581FB65E}.Profiler|Win32.Build.0 = Profiler|Win32
		{F5769B94-C7AD-7479-611B-746B581FB65E}.Release|Win32.ActiveCfg = Release|Win32
		{F5769B94-C7AD-7479-611B-746B581FB65E}.Release|Win32.Build.0 = Release|Win32
		{F5769B94-C7AD-7479-611B-746B581FB65E}.ReleaseDebug|Win32.ActiveCfg = Debug|Win32
		{F5769B94-C7AD-7479-611B-746B581FB65E}.ReleaseDebug|Win32.Build.0 = Debug|Win32
		{F5769B94-C7AD-7479-611B-746B581FB65E}.ReleaseDll|Win32.ActiveCfg = Release|Win32
		{F5769B94-C7AD-7479-611B-746B581FB65E}.ReleaseDll|Win32.Build.0 = Release|Win32
		{F5769B94-C7AD-7479-611B-746B581FB65E}.Template|Win32.ActiveCfg = Template|Win32
		{F5769B94-C7AD-7479-611B-746B581FB65E}.Template|Win32.Build.0 = Template|Win32
		{A41743BB-1721-F29D-750C-60193F9D9EDF}.BetaRelease|Win32.ActiveCfg = BetaRelease|Win32
		{A41743BB-1721-F29D-750C-60193F9D9EDF}.BetaRelease|Win32.Build.0 = BetaRelease|Win32
		{A41743BB-1721-F29D-750C-60193F9D9EDF}.Debug|Win32.ActiveCfg = Debug|Win32
		{A41743BB-1721-F29D-750C-60193F9D9EDF}.Debug|Win32.Build.0 = Debug|Win32
		{A41743BB-1721-F29D-750C-60193F9D9EDF}.FastDebug|Win32.ActiveCfg = FastDebug|Win32
		{A41743BB-1721-F29D-750C-60193F9D9EDF}.FastDebug|Win32.Build.0 = FastDebug|Win32
		{A41743BB-1721-F29D-750C-60193F9D9EDF}.Profiler|Win32.ActiveCfg = Profiler|Win32
		{A41743BB-1721-F29D-750C-60193F9D9EDF}.Profiler|Win32.Build.0 = Profiler|Win32
		{A41743BB-1721-F29D-750C-60193F9D9EDF}.Release|Win32.ActiveCfg = Release|Win32
		{A41743BB-1721-F29D-750C-60193F9D9EDF}.Release|Win32.Build.0 = Release|Win32
		{A41743BB-1721-F29D-750C-60193F9D9EDF}.ReleaseDebug|Win32.ActiveCfg = Debug|Win32
		{A41743BB-1721-F29D-750C-60193F9D9EDF}.ReleaseDebug|Win32.Build.0 = Debug|Win32
		{A41743BB-1721-F29D-750C-60193F9D9EDF}.ReleaseDll|Win32.ActiveCfg = Release|Win32
		{A41743BB-1721-F29D-750C-60193F9D9EDF}.ReleaseDll|Win32.Build.0 = Release|Win32
		{A41743BB-1721-F29D-750C-60193F9D9EDF}.Template|Win32.ActiveCfg = Template|Win32
		{A41743BB-1721-F29D-750C-60193F9D9EDF}.Template|Win32.Build.0 = Template|Win32
		{BBAB5A17-9765-872B-8262-D3F1888B126F}.BetaRelease|Win32.ActiveCfg = BetaRelease|Win32
		{BBAB5A17-9765-872B-8262-D3F1888B126F}.BetaRelease|Win32.Build.0 = BetaRelease|Win32
		{BBAB5A17-9765-872B-8262-D3F1888B126F}.Debug|Win32.ActiveCfg = Debug|Win32
		{BBAB5A17-9765-872B-8262-D3F1888B126F}.Debug|Win32.Build.0 = Debug|Win32
		{BBAB5A17-9765-872B-8262-D3F1888B126F}.FastDebug|Win32.ActiveCfg = FastDebug|Win32
		{BBAB5A17-9765-872B-8262-D3F1888B126F}.FastDebug|Win32.Build.0 = FastDebug|Win32
		{BBAB5A17-9765-872B-8262-D3F1888B126F}.Profiler|Win32.ActiveCfg = Profiler|Win32
		{BBAB5A17-9765-872B-8262-D3F1888B126F}.Profiler|Win32.Build.0 = Profiler|Win32
		{BBAB5A17-9765-872B-8262-D3F1888B126F}.Release|Win32.ActiveCfg = Release|Win32
		{BBAB5A17-9765-872B-8262-D3F1888B126F}.Release|Win32.Build.0 = Release|Win32
		{BBAB5A17-9765-872B-8262-D3F1888B126F}.ReleaseDebug|Win32.ActiveCfg = Debug|Win32
		{BBAB5A17-9765-872B-8262-D3F1888B126F}.ReleaseDebug|Win32.Build.0 = Debug|Win32
		{BBAB5A17-9765-872B-8262-D3F1888B126F}.ReleaseDll|Win32.ActiveCfg = Release|Win32
		{BBAB5A17-9765-872B-8262-D3F1888B126F}.ReleaseDll|Win32.Build.0 = Release|Win32
		{BBAB5A17-9765-872B-8262-D3F1888B126F}.Template|Win32.ActiveCfg = Template|Win32
		{BBAB5A17-9765-872B-8262-D3F1888B126F}.Template|Win32.Build.0 = Template|Win32
		{F01AE6CB-3FD7-104B-8A40-F406BE7686A4}.BetaRelease|Win32.ActiveCfg = BetaRelease|Win32
		{F01AE6CB-3FD7-104B-8A40-F406BE7686A4}.BetaRelease|Win32.Build.0 = BetaRelease|Win32
		{F01AE6CB-3FD7-104B-8A40-F406BE7686A4}.Debug|Win32.ActiveCfg = Debug|Win32
		{F01AE6CB-3FD7-104B-8A40-F406BE7686A4}.Debug|Win32.Build.0 = Debug|Win32
		{F01AE6CB-3FD7-104B-8A40-F406BE7686A4}.FastDebug|Win32.ActiveCfg = FastDebug|Win32
		{F01AE6CB-3FD7-104B-8A40-F406BE7686A4}.FastDebug|Win32.Build.0 = FastDebug|Win32
		{F01AE6CB-3FD7-104B-8A40-F406BE7686A4}.Profiler|Win32.ActiveCfg = Profiler|Win32
		{F01AE6CB-3FD7-104B-8A40-F406BE7686A4}.Profiler|Win32.Build.0 = Profiler|Win32
		{F01AE6CB-3FD7-104B-8A40-F406BE7686A4}.Release|Win32.ActiveCfg = Release|Win32
		{F01AE6CB-3FD7-104B-8A40-F406BE7686A4}.Release|Win32.Build.0 = Release|Win32
		{F01AE6CB-3FD7-104B-8A40-F406BE7686A4}.ReleaseDebug|Win32.ActiveCfg = Debug|Win32
		{F01AE6CB-3FD7-104B-8A40-F406BE7686A4}.ReleaseDebug|Win32.Build.0 = Debug|Win32
		{F01AE6CB-3FD7-104B-8A40-F406BE7686A4}.ReleaseDll|Win32.ActiveCfg = Release|Win32
		{F01AE6CB-3FD7-104B-8A40-F406BE7686A4}.ReleaseDll|Win32.Build.0 = Release|Win32
		{F01AE6CB-3FD7-104B-8A40-F406BE7686A4}.Template|Win32.ActiveCfg = Template|Win32
		{F01AE6CB-3FD7-104B-8A40-F406BE7686A4}.Template|Win32.Build.0 = Template|Win32
		{A5E1E59E-6FB7-4415-7655-5B1471389C9E}.BetaRelease|Win32.ActiveCfg = BetaRelease|Win32
		{A5E1E59E-6FB7-4415-7655-5B1471389C9E}.BetaRelease|Win32.Build.0 = BetaRelease|Win32
		{A5E1E59E-6FB7-4415-7655-5B1471389C9E}.Debug|Win32.ActiveCfg = Debug|Win32
		{A5E1E59E-6FB7-4415-7655-5B1471389C9E}.Debug|Win32.Build.0 = Debug|Win32
		{A5E1E59E-6FB7-4415-7655-5B1471389C9E}.FastDebug|Win32.ActiveCfg = FastDebug|Win32
		{A5E1E59E-6FB7-4415-7655-5B1471389C9E}.FastDebug|Win32.Build.0 = FastDebug|Win32
		{A5E1E59E-6FB7-4415-7655-5B1471389C9E}.Profiler|Win32.ActiveCfg = Profiler|Win32
		{A5E1E59E-6FB7-4415-7655-5B1471389C9E}.Profiler|Win32.Build.0 = Profiler|Win32
		{A5E1E59E-6FB7-4415-7655-5B1471389C9E}.Release|Win32.ActiveCfg = Release|Win32
		{A5E1E59E-6FB7-4415-7655-5B1471389C9E}.Release|Win32.Build.0 = Release|Win32
		{A5E1E59E-6FB7-4415-7655-5B1471389C9E}.ReleaseDebug|Win32.ActiveCfg = Debug|Win32
		{A5E1E59E-6FB7-4415-7655-5B1471389C9E}.ReleaseDebug|Win32.Build.0 = Debug|Win32
		{A5E1E59E-6FB7-4415-7655-5B1471389C9E}.ReleaseDll|Win32.ActiveCfg = Release|Win32
		{A5E1E59E-6FB7-4415-7655-5B1471389C9E}.ReleaseDll|Win32.Build.0 = Release|Win32
		{A5E1E59E-6FB7-4415-7655-5B1471389C9E}.Template|Win32.ActiveCfg = Template|Win32
		{A5E1E59E-6FB7-4415-7655-5B1471389C9E}.Template|Win32.Build.0 = Template|Win32
		{F4B5148A-89EA-8560-5E7B-CB4062B1321B}.BetaRelease|Win32.ActiveCfg = BetaRelease|Win32
		{F4B5148A-89EA-8560-5E7B-CB4062B1321B}.BetaRelease|Win32.Build.0 = BetaRelease|Win32
		{F4B5148A-89EA-8560-5E7B-CB4062B1321B}.Debug|Win32.ActiveCfg = Debug|Win32
		{F4B5148A-89EA-8560-5E7B-CB4062B1321B}.Debug|Win32.Build.0 = Debug|Win32
		{F4B5148A-89EA-8560-5E7B-CB4062B1321B}.FastDebug|Win32.ActiveCfg = FastDebug|Win32
		{F4B5148A-89EA-8560-5E7B-CB4062B1321B}.FastDebug|Win32.Build.0 = FastDebug|Win32
		{F4B5148A-89EA-8560-5E7B-CB4062B1321B}.Profiler|Win32.ActiveCfg = Profiler|Win32
		{F4B5148A-89EA-8560-5E7B-CB4062B1321B}.Profiler|Win32.Build.0 = Profiler|Win32
		{F4B5148A-89EA-8560-5E7B-CB4062B1321B}.Release|Win32.ActiveCfg = Release|Win32
		{F4B5148A-89EA-8560-5E7B-CB4062B1321B}.Release|Win32.Build.0 = Release|Win32
		{F4B5148A-89EA-8560-5E7B-CB4062B1321B}.ReleaseDebug|Win32.ActiveCfg = Debug|Win32
		{F4B5148A-89EA-8560-5E7B-CB4062B1321B}.ReleaseDebug|Win32.Build.0 = Debug|Win32
		{F4B5148A-89EA-8560-5E7B-CB4062B1321B}.ReleaseDll|Win32.ActiveCfg = Release|Win32
		{F4B5148A-89EA-8560-5E7B-CB4062B1321B}.ReleaseDll|Win32.Build.0 = Release|Win32
		{F4B5148A-89EA-8560-5E7B-CB4062B1321B}.Template|Win32.ActiveCfg = Template|Win32
		{F4B5148A-89EA-8560-5E7B-CB4062B1321B}.Template|Win32.Build.0 = Template|Win32
		{7F817BF7-9AB5-58CB-5980-32B2C9D7A602}.BetaRelease|Win32.ActiveCfg = Release|Win32
		{7F817BF7-9AB5-58CB-5980-32B2C9D7A602}.BetaRelease|Win32.Build.0 = Release|Win32
		{7F817BF7-9AB5-58CB-5980-32B2C9D7A602}.Debug|Win32.ActiveCfg = Debug|Win32
		{7F817BF7-9AB5-58CB-5980-32B2C9D7A602}.Debug|Win32.Build.0 = Debug|Win32
		{7F817BF7-9AB5-58CB-5980-32B2C9D7A602}.FastDebug|Win32.ActiveCfg = Debug|Win32
		{7F817BF7-9AB5-58CB-5980-32B2C9D7A602}.FastDebug|Win32.Build.0 = Debug|Win32
		{7F817BF7-9AB5-58CB-5980-32B2C9D7A602}.Profiler|Win32.ActiveCfg = Template|Win32
		{7F817BF7-9AB5-58CB-5980-32B2C9D7A602}.Profiler|Win32.Build.0 = Template|Win32
		{7F817BF7-9AB5-58CB-5980-32B2C9D7A602}.Release|Win32.ActiveCfg = Release|Win32
		{7F817BF7-9AB5-58CB-5980-32B2C9D7A602}.Release|Win32.Build.0 = Release|Win32
		{7F817BF7-9AB5-58CB-5980-32B2C9D7A602}.ReleaseDebug|Win32.ActiveCfg = Debug|Win32
		{7F817BF7-9AB5-58CB-5980-32B2C9D7A602}.ReleaseDebug|Win32.Build.0 = Debug|Win32
		{7F817BF7-9AB5-58CB-5980-32B2C9D7A602}.ReleaseDll|Win32.ActiveCfg = Release|Win32
		{7F817BF7-9AB5-58CB-5980-32B2C9D7A602}.ReleaseDll|Win32.Build.0 = Release|Win32
		{7F817BF7-9AB5-58CB-5980-32B2C9D7A602}.Template|Win32.ActiveCfg = Template|Win32
		{7F817BF7-9AB5-58CB-5980-32B2C9D7A602}.Template|Win32.Build.0 = Template|Win32
		{F5CD41F4-14EE-485D-961F-EBBA58EB5230}.BetaRelease|Win32.ActiveCfg = BetaRelease|Win32
		{F5CD41F4-14EE-485D-961F-EBBA58EB5230}.BetaRelease|Win32.Build.0 = BetaRelease|Win32
		{F5CD41F4-14EE-485D-961F-EBBA58EB5230}.Debug|Win32.ActiveCfg = Debug|Win32
		{F5CD41F4-14EE-485D-961F-EBBA58EB5230}.Debug|Win32.Build.0 = Debug|Win32
		{F5CD41F4-14EE-485D-961F-EBBA58EB5230}.FastDebug|Win32.ActiveCfg = FastDebug|Win32
		{F5CD41F4-14EE-485D-961F-EBBA58EB5230}.FastDebug|Win32.Build.0 = FastDebug|Win32
		{F5CD41F4-14EE-485D-961F-EBBA58EB5230}.Profiler|Win32.ActiveCfg = Profiler|Win32
		{F5CD41F4-14EE-485D-961F-EBBA58EB5230}.Profiler|Win32.Build.0 = Profiler|Win32
		{F5CD41F4-14EE-485D-961F-EBBA58EB5230}.Release|Win32.ActiveCfg = Release|Win32
		{F5CD41F4-14EE-485D-961F-EBBA58EB5230}.Release|Win32.Build.0 = Release|Win32
		{F5CD41F4-14EE-485D-961F-EBBA58EB5230}.ReleaseDebug|Win32.ActiveCfg = Debug|Win32
		{F5CD41F4-14EE-485D-961F-EBBA58EB5230}.ReleaseDebug|Win32.Build.0 = Debug|Win32
		{F5CD41F4-14EE-485D-961F-EBBA58EB5230}.ReleaseDll|Win32.ActiveCfg = Release|Win32
		{F5CD41F4-14EE-485D-961F-EBBA58EB5230}.ReleaseDll|Win32.Build.0 = Release|Win32
		{F5CD41F4-14EE-485D-961F-EBBA58EB5230}.Template|Win32.ActiveCfg = Template|Win32
		{F5CD41F4-14EE-485D-961F-EBBA58EB5230}.Template|Win32.Build.0 = Template|Win32
		{7AEE9155-DDEA-5988-4D3E-30CF4E3C838F}.BetaRelease|Win32.ActiveCfg = Release|Win32
		{7AEE9155-DDEA-5988-4D3E-30CF4E3C838F}.BetaRelease|Win32.Build.0 = Release|Win32
		{7AEE9155-DDEA-5988-4D3E-30CF4E3C838F}.Debug|Win32.ActiveCfg = Debug|Win32
		{7AEE9155-DDEA-5988-4D3E-30CF4E3C838F}.Debug|Win32.Build.0 = Debug|Win32
		{7AEE9155-DDEA-5988-4D3E-30CF4E3C838F}.FastDebug|Win32.ActiveCfg = Debug|Win32
		{7AEE9155-DDEA-5988-4D3E-30CF4E3C838F}.FastDebug|Win32.Build.0 = Debug|Win32
		{7AEE9155-DDEA-5988-4D3E-30CF4E3C838F}.Profiler|Win32.ActiveCfg = Template|Win32
		{7AEE9155-DDEA-5988-4D3E-30CF4E3C838F}.Profiler|Win32.Build.0 = Template|Win32
		{7AEE9155-DDEA-5988-4D3E-30CF4E3C838F}.Release|Win32.ActiveCfg = Release|Win32
		{7AEE9155-DDEA-5988-4D3E-30CF4E3C838F}.Release|Win32.Build.0 = Release|Win32
		{7AEE9155-DDEA-5988-4D3E-30CF4E3C838F}.ReleaseDebug|Win32.ActiveCfg = Debug|Win32
		{7AEE9155-DDEA-5988-4D3E-30CF4E3C838F}.ReleaseDebug|Win32.Build.0 = Debug|Win32
		{7AEE9155-DDEA-5988-4D3E-30CF4E3C838F}.ReleaseDll|Win32.ActiveCfg = Release|Win32
		{7AEE9155-DDEA-5988-4D3E-30CF4E3C838F}.ReleaseDll|Win32.Build.0 = Release|Win32
		{7AEE9155-DDEA-5988-4D3E-30CF4E3C838F}.Template|Win32.ActiveCfg = Template|Win32
		{7AEE9155-DDEA-5988-4D3E-30CF4E3C838F}.Template|Win32.Build.0 = Template|Win32
		{8220450E-03F1-02FE-4BFB-15876882EDE4}.BetaRelease|Win32.ActiveCfg = BetaRelease|Win32
		{8220450E-03F1-02FE-4BFB-15876882EDE4}.BetaRelease|Win32.Build.0 = BetaRelease|Win32
		{8220450E-03F1-02FE-4BFB-15876882EDE4}.Debug|Win32.ActiveCfg = Debug|Win32
		{8220450E-03F1-02FE-4BFB-15876882EDE4}.Debug|Win32.Build.0 = Debug|Win32
		{8220450E-03F1-02FE-4BFB-15876882EDE4}.FastDebug|Win32.ActiveCfg = FastDebug|Win32
		{8220450E-03F1-02FE-4BFB-15876882EDE4}.FastDebug|Win32.Build.0 = FastDebug|Win32
		{8220450E-03F1-02FE-4BFB-15876882EDE4}.Profiler|Win32.ActiveCfg = Profiler|Win32
		{8220450E-03F1-02FE-4BFB-15876882EDE4}.Profiler|Win32.Build.0 = Profiler|Win32
		{8220450E-03F1-02FE-4BFB-15876882EDE4}.Release|Win32.ActiveCfg = Release|Win32
		{8220450E-03F1-02FE-4BFB-15876882EDE4}.Release|Win32.Build.0 = Release|Win32
		{8220450E-03F1-02FE-4BFB-15876882EDE4}.ReleaseDebug|Win32.ActiveCfg = Debug|Win32
		{8220450E-03F1-02FE-4BFB-15876882EDE4}.ReleaseDebug|Win32.Build.0 = Debug|Win32
		{8220450E-03F1-02FE-4BFB-15876882EDE4}.ReleaseDll|Win32.ActiveCfg = Release|Win32
		{8220450E-03F1-02FE-4BFB-15876882EDE4}.ReleaseDll|Win32.Build.0 = Release|Win32
		{8220450E-03F1-02FE-4BFB-15876882EDE4}.Template|Win32.ActiveCfg = Template|Win32
		{8220450E-03F1-02FE-4BFB-15876882EDE4}.Template|Win32.Build.0 = Template|Win32
		{902EC209-6E6A-0454-3969-47DEFFDF7D3E}.BetaRelease|Win32.ActiveCfg = BetaRelease|Win32
		{902EC209-6E6A-0454-3969-47DEFFDF7D3E}.BetaRelease|Win32.Build.0 = BetaRelease|Win32
		{902EC209-6E6A-0454-3969-47DEFFDF7D3E}.Debug|Win32.ActiveCfg = Debug|Win32
		{902EC209-6E6A-0454-3969-47DEFFDF7D3E}.Debug|Win32.Build.0 = Debug|Win32
		{902EC209-6E6A-0454-3969-47DEFFDF7D3E}.FastDebug|Win32.ActiveCfg = FastDebug|Win32
		{902EC209-6E6A-0454-3969-47DEFFDF7D3E}.FastDebug|Win32.Build.0 = FastDebug|Win32
		{902EC209-6E6A-0454-3969-47DEFFDF7D3E}.Profiler|Win32.ActiveCfg = Profiler|Win32
		{902EC209-6E6A-0454-3969-47DEFFDF7D3E}.Profiler|Win32.Build.0 = Profiler|Win32
		{902EC209-6E6A-0454-3969-47DEFFDF7D3E}.Release|Win32.ActiveCfg = Release|Win32
		{902EC209-6E6A-0454-3969-47DEFFDF7D3E}.Release|Win32.Build.0 = Release|Win32
		{902EC209-6E6A-0454-3969-47DEFFDF7D3E}.ReleaseDebug|Win32.ActiveCfg = Debug|Win32
		{902EC209-6E6A-0454-3969-47DEFFDF7D3E}.ReleaseDebug|Win32.Build.0 = Debug|Win32
		{902EC209-6E6A-0454-3969-47DEFFDF7D3E}.ReleaseDll|Win32.ActiveCfg = Release|Win32
		{902EC209-6E6A-0454-3969-47DEFFDF7D3E}.ReleaseDll|Win32.Build.0 = Release|Win32
		{902EC209-6E6A-0454-3969-47DEFFDF7D3E}.Template|Win32.ActiveCfg = Template|Win32
		{902EC209-6E6A-0454-3969-47DEFFDF7D3E}.Template|Win32.Build.0 = Template|Win32
		{57F52428-10A5-1805-8B0B-E6116A6CCCC4}.BetaRelease|Win32.ActiveCfg = BetaRelease|Win32
		{57F52428-10A5-1805-8B0B-E6116A6CCCC4}.BetaRelease|Win32.Build.0 = BetaRelease|Win32
		{57F52428-10A5-1805-8B0B-E6116A6CCCC4}.Debug|Win32.ActiveCfg = Debug|Win32
		{57F52428-10A5-1805-8B0B-E6116A6CCCC4}.Debug|Win32.Build.0 = Debug|Win32
		{57F52428-10A5-1805-8B0B-E6116A6CCCC4}.FastDebug|Win32.ActiveCfg = FastDebug|Win32
		{57F52428-10A5-1805-8B0B-E6116A6CCCC4}.FastDebug|Win32.Build.0 = FastDebug|Win32
		{57F52428-10A5-1805-8B0B-E6116A6CCCC4}.Profiler|Win32.ActiveCfg = Profiler|Win32
		{57F52428-10A5-1805-8B0B-E6116A6CCCC4}.Profiler|Win32.Build.0 = Profiler|Win32
		{57F52428-10A5-1805-8B0B-E6116A6CCCC4}.Release|Win32.ActiveCfg = Release|Win32
		{57F52428-10A5-1805-8B0B-E6116A6CCCC4}.Release|Win32.Build.0 = Release|Win32
		{57F52428-10A5-1805-8B0B-E6116A6CCCC4}.ReleaseDebug|Win32.ActiveCfg = Debug|Win32
		{57F52428-10A5-1805-8B0B-E6116A6CCCC4}.ReleaseDebug|Win32.Build.0 = Debug|Win32
		{57F52428-10A5-1805-8B0B-E6116A6CCCC4}.ReleaseDll|Win32.ActiveCfg = Release|Win32
		{57F52428-10A5-1805-8B0B-E6116A6CCCC4}.ReleaseDll|Win32.Build.0 = Release|Win32
		{57F52428-10A5-1805-8B0B-E6116A6CCCC4}.Template|Win32.ActiveCfg = Template|Win32
		{57F52428-10A5-1805-8B0B-E6116A6CCCC4}.Template|Win32.Build.0 = Template|Win32
		{F692285B-9A6D-6C1A-5E01-2AD141A5C2CC}.BetaRelease|Win32.ActiveCfg = BetaRelease|Win32
		{F692285B-9A6D-6C1A-5E01-2AD141A5C2CC}.BetaRelease|Win32.Build.0 = BetaRelease|Win32
		{F692285B-9A6D-6C1A-5E01-2AD141A5C2CC}.Debug|Win32.ActiveCfg = Debug|Win32
		{F692285B-9A6D-6C1A-5E01-2AD141A5C2CC}.Debug|Win32.Build.0 = Debug|Win32
		{F692285B-9A6D-6C1A-5E01-2AD141A5C2CC}.FastDebug|Win32.ActiveCfg = FastDebug|Win32
		{F692285B-9A6D-6C1A-5E01-2AD141A5C2CC}.FastDebug|Win32.Build.0 = FastDebug|Win32
		{F692285B-9A6D-6C1A-5E01-2AD141A5C2CC}.Profiler|Win32.ActiveCfg = Profiler|Win32
		{F692285B-9A6D-6C1A-5E01-2AD141A5C2CC}.Profiler|Win32.Build.0 = Profiler|Win32
		{F692285B-9A6D-6C1A-5E01-2AD141A5C2CC}.Release|Win32.ActiveCfg = Release|Win32
		{F692285B-9A6D-6C1A-5E01-2AD141A5C2CC}.Release|Win32.Build.0 = Release|Win32
		{F692285B-9A6D-6C1A-5E01-2AD141A5C2CC}.ReleaseDebug|Win32.ActiveCfg = Debug|Win32
		{F692285B-9A6D-6C1A-5E01-2AD141A5C2CC}.ReleaseDebug|Win32.Build.0 = Debug|Win32
		{F692285B-9A6D-6C1A-5E01-2AD141A5C2CC}.ReleaseDll|Win32.ActiveCfg = Release|Win32
		{F692285B-9A6D-6C1A-5E01-2AD141A5C2CC}.ReleaseDll|Win32.Build.0 = Release|Win32
		{F692285B-9A6D-6C1A-5E01-2AD141A5C2CC}.Template|Win32.ActiveCfg = Template|Win32
		{F692285B-9A6D-6C1A-5E01-2AD141A5C2CC}.Template|Win32.Build.0 = Template|Win32
		{9154ECB9-58EF-D651-80B8-51F22655F061}.BetaRelease|Win32.ActiveCfg = BetaRelease|Win32
		{9154ECB9-58EF-D651-80B8-51F22655F061}.BetaRelease|Win32.Build.0 = BetaRelease|Win32
		{9154ECB9-58EF-D651-80B8-51F22655F061}.Debug|Win32.ActiveCfg = Debug|Win32
		{9154ECB9-58EF-D651-80B8-51F22655F061}.Debug|Win32.Build.0 = Debug|Win32
		{9154ECB9-58EF-D651-80B8-51F22655F061}.FastDebug|Win32.ActiveCfg = FastDebug|Win32
		{9154ECB9-58EF-D651-80B8-51F22655F061}.FastDebug|Win32.Build.0 = FastDebug|Win32
		{9154ECB9-58EF-D651-80B8-51F22655F061}.Profiler|Win32.ActiveCfg = Profiler|Win32
		{9154ECB9-58EF-D651-80B8-51F22655F061}.Profiler|Win32.Build.0 = Profiler|Win32
		{9154ECB9-58EF-D651-80B8-51F22655F061}.Release|Win32.ActiveCfg = Release|Win32
		{9154ECB9-58EF-D651-80B8-51F22655F061}.Release|Win32.Build.0 = Release|Win32
		{9154ECB9-58EF-D651-80B8-51F22655F061}.ReleaseDebug|Win32.ActiveCfg = Debug|Win32
		{9154ECB9-58EF-D651-80B8-51F22655F061}.ReleaseDebug|Win32.Build.0 = Debug|Win32
		{9154ECB9-58EF-D651-80B8-51F22655F061}.ReleaseDll|Win32.ActiveCfg = Release|Win32
		{9154ECB9-58EF-D651-80B8-51F22655F061}.ReleaseDll|Win32.Build.0 = Release|Win32
		{9154ECB9-58EF-D651-80B8-51F22655F061}.Template|Win32.ActiveCfg = Template|Win32
		{9154ECB9-58EF-D651-80B8-51F22655F061}.Template|Win32.Build.0 = Template|Win32
		{F2B38FA5-60B0-C6BF-5087-4D7291217430}.BetaRelease|Win32.ActiveCfg = Release|Win32
		{F2B38FA5-60B0-C6BF-5087-4D7291217430}.BetaRelease|Win32.Build.0 = Release|Win32
		{F2B38FA5-60B0-C6BF-5087-4D7291217430}.Debug|Win32.ActiveCfg = Debug|Win32
		{F2B38FA5-60B0-C6BF-5087-4D7291217430}.Debug|Win32.Build.0 = Debug|Win32
		{F2B38FA5-60B0-C6BF-5087-4D7291217430}.FastDebug|Win32.ActiveCfg = Debug|Win32
		{F2B38FA5-60B0-C6BF-5087-4D7291217430}.FastDebug|Win32.Build.0 = Debug|Win32
		{F2B38FA5-60B0-C6BF-5087-4D7291217430}.Profiler|Win32.ActiveCfg = Template|Win32
		{F2B38FA5-60B0-C6BF-5087-4D7291217430}.Profiler|Win32.Build.0 = Template|Win32
		{F2B38FA5-60B0-C6BF-5087-4D7291217430}.Release|Win32.ActiveCfg = Release|Win32
		{F2B38FA5-60B0-C6BF-5087-4D7291217430}.Release|Win32.Build.0 = Release|Win32
		{F2B38FA5-60B0-C6BF-5087-4D7291217430}.ReleaseDebug|Win32.ActiveCfg = Debug|Win32
		{F2B38FA5-60B0-C6BF-5087-4D7291217430}.ReleaseDebug|Win32.Build.0 = Debug|Win32
		{F2B38FA5-60B0-C6BF-5087-4D7291217430}.ReleaseDll|Win32.ActiveCfg = Release|Win32
		{F2B38FA5-60B0-C6BF-5087-4D7291217430}.ReleaseDll|Win32.Build.0 = Release|Win32
		{F2B38FA5-60B0-C6BF-5087-4D7291217430}.Template|Win32.ActiveCfg = Template|Win32
		{F2B38FA5-60B0-C6BF-5087-4D7291217430}.Template|Win32.Build.0 = Template|Win32
		{6DDABDEF-D697-86CE-C32F-7CBADFD732D1}.BetaRelease|Win32.ActiveCfg = BetaRelease|Win32
		{6DDABDEF-D697-86CE-C32F-7CBADFD732D1}.BetaRelease|Win32.Build.0 = BetaRelease|Win32
		{6DDABDEF-D697-86CE-C32F-7CBADFD732D1}.Debug|Win32.ActiveCfg = Debug|Win32
		{6DDABDEF-D697-86CE-C32F-7CBADFD732D1}.Debug|Win32.Build.0 = Debug|Win32
		{6DDABDEF-D697-86CE-C32F-7CBADFD732D1}.FastDebug|Win32.ActiveCfg = FastDebug|Win32
		{6DDABDEF-D697-86CE-C32F-7CBADFD732D1}.FastDebug|Win32.Build.0 = FastDebug|Win32
		{6DDABDEF-D697-86CE-C32F-7CBADFD732D1}.Profiler|Win32.ActiveCfg = Profiler|Win32
		{6DDABDEF-D697-86CE-C32F-7CBADFD732D1}.Profiler|Win32.Build.0 = Profiler|Win32
		{6DDABDEF-D697-86CE-C32F-7CBADFD732D1}.Release|Win32.ActiveCfg = Release|Win32
		{6DDABDEF-D697-86CE-C32F-7CBADFD732D1}.Release|Win32.Build.0 = Release|Win32
		{6DDABDEF-D697-86CE-C32F-7CBADFD732D1}.ReleaseDebug|Win32.ActiveCfg = Debug|Win32
		{6DDABDEF-D697-86CE-C32F-7CBADFD732D1}.ReleaseDebug|Win32.Build.0 = Debug|Win32
		{6DDABDEF-D697-86CE-C32F-7CBADFD732D1}.ReleaseDll|Win32.ActiveCfg = Release|Win32
		{6DDABDEF-D697-86CE-C32F-7CBADFD732D1}.ReleaseDll|Win32.Build.0 = Release|Win32
		{6DDABDEF-D697-86CE-C32F-7CBADFD732D1}.Template|Win32.ActiveCfg = Template|Win32
		{6DDABDEF-D697-86CE-C32F-7CBADFD732D1}.Template|Win32.Build.0 = Template|Win32
		{5421F799-E08E-CAD2-1169-71C81DCA5DFC}.BetaRelease|Win32.ActiveCfg = BetaRelease|Win32
		{5421F799-E08E-CAD2-1169-71C81DCA5DFC}.BetaRelease|Win32.Build.0 = BetaRelease|Win32
		{5421F799-E08E-CAD2-1169-71C81DCA5DFC}.Debug|Win32.ActiveCfg = Debug|Win32
		{5421F799-E08E-CAD2-1169-71C81DCA5DFC}.Debug|Win32.Build.0 = Debug|Win32
		{5421F799-E08E-CAD2-1169-71C81DCA5DFC}.FastDebug|Win32.ActiveCfg = FastDebug|Win32
		{5421F799-E08E-CAD2-1169-71C81DCA5DFC}.FastDebug|Win32.Build.0 = FastDebug|Win32
		{5421F799-E08E-CAD2-1169-71C81DCA5DFC}.Profiler|Win32.ActiveCfg = Profiler|Win32
		{5421F799-E08E-CAD2-1169-71C81DCA5DFC}.Profiler|Win32.Build.0 = Profiler|Win32
		{5421F799-E08E-CAD2-1169-71C81DCA5DFC}.Release|Win32.ActiveCfg = Release|Win32
		{5421F799-E08E-CAD2-1169-71C81DCA5DFC}.Release|Win32.Build.0 = Release|Win32
		{5421F799-E08E-CAD2-1169-71C81DCA5DFC}.ReleaseDebug|Win32.ActiveCfg = Debug|Win32
		{5421F799-E08E-CAD2-1169-71C81DCA5DFC}.ReleaseDebug|Win32.Build.0 = Debug|Win32
		{5421F799-E08E-CAD2-1169-71C81DCA5DFC}.ReleaseDll|Win32.ActiveCfg = Release|Win32
		{5421F799-E08E-CAD2-1169-71C81DCA5DFC}.ReleaseDll|Win32.Build.0 = Release|Win32
		{5421F799-E08E-CAD2-1169-71C81DCA5DFC}.Template|Win32.ActiveCfg = Template|Win32
		{5421F799-E08E-CAD2-1169-71C81DCA5DFC}.Template|Win32.Build.0 = Template|Win32
		{152BCDE3-A88E-DDE4-A918-19A0165E940D}.BetaRelease|Win32.ActiveCfg = BetaRelease|Win32
		{152BCDE3-A88E-DDE4-A918-19A0165E940D}.BetaRelease|Win32.Build.0 = BetaRelease|Win32
		{152BCDE3-A88E-DDE4-A918-19A0165E940D}.Debug|Win32.ActiveCfg = Debug|Win32
		{152BCDE3-A88E-DDE4-A918-19A0165E940D}.Debug|Win32.Build.0 = Debug|Win32
		{152BCDE3-A88E-DDE4-A918-19A0165E940D}.FastDebug|Win32.ActiveCfg = FastDebug|Win32
		{152BCDE3-A88E-DDE4-A918-19A0165E940D}.FastDebug|Win32.Build.0 = FastDebug|Win32
		{152BCDE3-A88E-DDE4-A918-19A0165E940D}.Profiler|Win32.ActiveCfg = Profiler|Win32
		{152BCDE3-A88E-DDE4-A918-19A0165E940D}.Profiler|Win32.Build.0 = Profiler|Win32
		{152BCDE3-A88E-DDE4-A918-19A0165E940D}.Release|Win32.ActiveCfg = Release|Win32
		{152BCDE3-A88E-DDE4-A918-19A0165E940D}.Release|Win32.Build.0 = Release|Win32
		{152BCDE3-A88E-DDE4-A918-19A0165E940D}.ReleaseDebug|Win32.ActiveCfg = Debug|Win32
		{152BCDE3-A88E-DDE4-A918-19A0165E940D}.ReleaseDebug|Win32.Build.0 = Debug|Win32
		{152BCDE3-A88E-DDE4-A918-19A0165E940D}.ReleaseDll|Win32.ActiveCfg = Release|Win32
		{152BCDE3-A88E-DDE4-A918-19A0165E940D}.ReleaseDll|Win32.Build.0 = Release|Win32
		{152BCDE3-A88E-DDE4-A918-19A0165E940D}.Template|Win32.ActiveCfg = Template|Win32
		{152BCDE3-A88E-DDE4-A918-19A0165E940D}.Template|Win32.Build.0 = Template|Win32
		{445893EE-3887-DCD7-B985-E715D2DC68C7}.BetaRelease|Win32.ActiveCfg = Release|Win32
		{445893EE-3887-DCD7-B985-E715D2DC68C7}.BetaRelease|Win32.Build.0 = Release|Win32
		{445893EE-3887-DCD7-B985-E715D2DC68C7}.Debug|Win32.ActiveCfg = Debug|Win32
		{445893EE-3887-DCD7-B985-E715D2DC68C7}.Debug|Win32.Build.0 = Debug|Win32
		{445893EE-3887-DCD7-B985-E715D2DC68C7}.FastDebug|Win32.ActiveCfg = Debug|Win32
		{445893EE-3887-DCD7-B985-E715D2DC68C7}.FastDebug|Win32.Build.0 = Debug|Win32
		{445893EE-3887-DCD7-B985-E715D2DC68C7}.Profiler|Win32.ActiveCfg = Template|Win32
		{445893EE-3887-DCD7-B985-E715D2DC68C7}.Profiler|Win32.Build.0 = Template|Win32
		{445893EE-3887-DCD7-B985-E715D2DC68C7}.Release|Win32.ActiveCfg = Release|Win32
		{445893EE-3887-DCD7-B985-E715D2DC68C7}.Release|Win32.Build.0 = Release|Win32
		{445893EE-3887-DCD7-B985-E715D2DC68C7}.ReleaseDebug|Win32.ActiveCfg = Debug|Win32
		{445893EE-3887-DCD7-B985-E715D2DC68C7}.ReleaseDebug|Win32.Build.0 = Debug|Win32
		{445893EE-3887-DCD7-B985-E715D2DC68C7}.ReleaseDll|Win32.ActiveCfg = Release|Win32
		{445893EE-3887-DCD7-B985-E715D2DC68C7}.ReleaseDll|Win32.Build.0 = Release|Win32
		{445893EE-3887-DCD7-B985-E715D2DC68C7}.Template|Win32.ActiveCfg = Template|Win32
		{445893EE-3887-DCD7-B985-E715D2DC68C7}.Template|Win32.Build.0 = Template|Win32
		{3C48BD5A-EC3D-EF78-BE7B-96DC9EDCC0E9}.BetaRelease|Win32.ActiveCfg = BetaRelease|Win32
		{3C48BD5A-EC3D-EF78-BE7B-96DC9EDCC0E9}.BetaRelease|Win32.Build.0 = BetaRelease|Win32
		{3C48BD5A-EC3D-EF78-BE7B-96DC9EDCC0E9}.Debug|Win32.ActiveCfg = Debug|Win32
		{3C48BD5A-EC3D-EF78-BE7B-96DC9EDCC0E9}.Debug|Win32.Build.0 = Debug|Win32
		{3C48BD5A-EC3D-EF78-BE7B-96DC9EDCC0E9}.FastDebug|Win32.ActiveCfg = FastDebug|Win32
		{3C48BD5A-EC3D-EF78-BE7B-96DC9EDCC0E9}.FastDebug|Win32.Build.0 = FastDebug|Win32
		{3C48BD5A-EC3D-EF78-BE7B-96DC9EDCC0E9}.Profiler|Win32.ActiveCfg = Profiler|Win32
		{3C48BD5A-EC3D-EF78-BE7B-96DC9EDCC0E9}.Profiler|Win32.Build.0 = Profiler|Win32
		{3C48BD5A-EC3D-EF78-BE7B-96DC9EDCC0E9}.Release|Win32.ActiveCfg = Release|Win32
		{3C48BD5A-EC3D-EF78-BE7B-96DC9EDCC0E9}.Release|Win32.Build.0 = Release|Win32
		{3C48BD5A-EC3D-EF78-BE7B-96DC9EDCC0E9}.ReleaseDebug|Win32.ActiveCfg = Debug|Win32
		{3C48BD5A-EC3D-EF78-BE7B-96DC9EDCC0E9}.ReleaseDebug|Win32.Build.0 = Debug|Win32
		{3C48BD5A-EC3D-EF78-BE7B-96DC9EDCC0E9}.ReleaseDll|Win32.ActiveCfg = Release|Win32
		{3C48BD5A-EC3D-EF78-BE7B-96DC9EDCC0E9}.ReleaseDll|Win32.Build.0 = Release|Win32
		{3C48BD5A-EC3D-EF78-BE7B-96DC9EDCC0E9}.Template|Win32.ActiveCfg = Template|Win32
		{3C48BD5A-EC3D-EF78-BE7B-96DC9EDCC0E9}.Template|Win32.Build.0 = Template|Win32
		{1AD6F753-FADE-ED48-B405-83947B6A576C}.BetaRelease|Win32.ActiveCfg = BetaRelease|Win32
		{1AD6F753-FADE-ED48-B405-83947B6A576C}.BetaRelease|Win32.Build.0 = BetaRelease|Win32
		{1AD6F753-FADE-ED48-B405-83947B6A576C}.Debug|Win32.ActiveCfg = Debug|Win32
		{1AD6F753-FADE-ED48-B405-83947B6A576C}.Debug|Win32.Build.0 = Debug|Win32
		{1AD6F753-FADE-ED48-B405-83947B6A576C}.FastDebug|Win32.ActiveCfg = FastDebug|Win32
		{1AD6F753-FADE-ED48-B405-83947B6A576C}.FastDebug|Win32.Build.0 = FastDebug|Win32
		{1AD6F753-FADE-ED48-B405-83947B6A576C}.Profiler|Win32.ActiveCfg = Profiler|Win32
		{1AD6F753-FADE-ED48-B405-83947B6A576C}.Profiler|Win32.Build.0 = Profiler|Win32
		{1AD6F753-FADE-ED48-B405-83947B6A576C}.Release|Win32.ActiveCfg = Release|Win32
		{1AD6F753-FADE-ED48-B405-83947B6A576C}.Release|Win32.Build.0 = Release|Win32
		{1AD6F753-FADE-ED48-B405-83947B6A576C}.ReleaseDebug|Win32.ActiveCfg = Debug|Win32
		{1AD6F753-FADE-ED48-B405-83947B6A576C}.ReleaseDebug|Win32.Build.0 = Debug|Win32
		{1AD6F753-FADE-ED48-B405-83947B6A576C}.ReleaseDll|Win32.ActiveCfg = Release|Win32
		{1AD6F753-FADE-ED48-B405-83947B6A576C}.ReleaseDll|Win32.Build.0 = Release|Win32
		{1AD6F753-FADE-ED48-B405-83947B6A576C}.Template|Win32.ActiveCfg = Template|Win32
		{1AD6F753-FADE-ED48-B405-83947B6A576C}.Template|Win32.Build.0 = Template|Win32
		{1A5E0072-CFB2-EB07-519B-9B694DAA16C2}.BetaRelease|Win32.ActiveCfg = BetaRelease|Win32
		{1A5E0072-CFB2-EB07-519B-9B694DAA16C2}.BetaRelease|Win32.Build.0 = BetaRelease|Win32
		{1A5E0072-CFB2-EB07-519B-9B694DAA16C2}.Debug|Win32.ActiveCfg = Debug|Win32
		{1A5E0072-CFB2-EB07-519B-9B694DAA16C2}.Debug|Win32.Build.0 = Debug|Win32
		{1A5E0072-CFB2-EB07-519B-9B694DAA16C2}.FastDebug|Win32.ActiveCfg = FastDebug|Win32
		{1A5E0072-CFB2-EB07-519B-9B694DAA16C2}.FastDebug|Win32.Build.0 = FastDebug|Win32
		{1A5E0072-CFB2-EB07-519B-9B694DAA16C2}.Profiler|Win32.ActiveCfg = Profiler|Win32
		{1A5E0072-CFB2-EB07-519B-9B694DAA16C2}.Profiler|Win32.Build.0 = Profiler|Win32
		{1A5E0072-CFB2-EB07-519B-9B694DAA16C2}.Release|Win32.ActiveCfg = Release|Win32
		{1A5E0072-CFB2-EB07-519B-9B694DAA16C2}.Release|Win32.Build.0 = Release|Win32
		{1A5E0072-CFB2-EB07-519B-9B694DAA16C2}.ReleaseDebug|Win32.ActiveCfg = Debug|Win32
		{1A5E0072-CFB2-EB07-519B-9B694DAA16C2}.ReleaseDebug|Win32.Build.0 = Debug|Win32
		{1A5E0072-CFB2-EB07-519B-9B694DAA16C2}.ReleaseDll|Win32.ActiveCfg = Release|Win32
		{1A5E0072-CFB2-EB07-519B-9B694DAA16C2}.ReleaseDll|Win32.Build.0 = Release|Win32
		{1A5E0072-CFB2-EB07-519B-9B694DAA16C2}.Template|Win32.ActiveCfg = Template|Win32
		{1A5E0072-CFB2-EB07-519B-9B694DAA16C2}.Template|Win32.Build.0 = Template|Win32
		{425EDE25-204A-B5C4-9C5F-C77FD3F123E1}.BetaRelease|Win32.ActiveCfg = BetaRelease|Win32
		{425EDE25-204A-B5C4-9C5F-C77FD3F123E1}.BetaRelease|Win32.Build.0 = BetaRelease|Win32
		{425EDE25-204A-B5C4-9C5F-C77FD3F123E1}.Debug|Win32.ActiveCfg = Debug|Win32
		{425EDE25-204A-B5C4-9C5F-C77FD3F123E1}.Debug|Win32.Build.0 = Debug|Win32
		{425EDE25-204A-B5C4-9C5F-C77FD3F123E1}.FastDebug|Win32.ActiveCfg = FastDebug|Win32
		{425EDE25-204A-B5C4-9C5F-C77FD3F123E1}.FastDebug|Win32.Build.0 = FastDebug|Win32
		{425EDE25-204A-B5C4-9C5F-C77FD3F123E1}.Profiler|Win32.ActiveCfg = Profiler|Win32
		{425EDE25-204A-B5C4-9C5F-C77FD3F123E1}.Profiler|Win32.Build.0 = Profiler|Win32
		{425EDE25-204A-B5C4-9C5F-C77FD3F123E1}.Release|Win32.ActiveCfg = Release|Win32
		{425EDE25-204A-B5C4-9C5F-C77FD3F123E1}.Release|Win32.Build.0 = Release|Win32
		{425EDE25-204A-B5C4-9C5F-C77FD3F123E1}.ReleaseDebug|Win32.ActiveCfg = Debug|Win32
		{425EDE25-204A-B5C4-9C5F-C77FD3F123E1}.ReleaseDebug|Win32.Build.0 = Debug|Win32
		{425EDE25-204A-B5C4-9C5F-C77FD3F123E1}.ReleaseDll|Win32.ActiveCfg = Release|Win32
		{425EDE25-204A-B5C4-9C5F-C77FD3F123E1}.ReleaseDll|Win32.Build.0 = Release|Win32
		{425EDE25-204A-B5C4-9C5F-C77FD3F123E1}.Template|Win32.ActiveCfg = Template|Win32
		{425EDE25-204A-B5C4-9C5F-C77FD3F123E1}.Template|Win32.Build.0 = Template|Win32
		{EE0E2A28-9369-C0A3-2225-666287F905A9}.BetaRelease|Win32.ActiveCfg = BetaRelease|Win32
		{EE0E2A28-9369-C0A3-2225-666287F905A9}.BetaRelease|Win32.Build.0 = BetaRelease|Win32
		{EE0E2A28-9369-C0A3-2225-666287F905A9}.Debug|Win32.ActiveCfg = Debug|Win32
		{EE0E2A28-9369-C0A3-2225-666287F905A9}.Debug|Win32.Build.0 = Debug|Win32
		{EE0E2A28-9369-C0A3-2225-666287F905A9}.FastDebug|Win32.ActiveCfg = FastDebug|Win32
		{EE0E2A28-9369-C0A3-2225-666287F905A9}.FastDebug|Win32.Build.0 = FastDebug|Win32
		{EE0E2A28-9369-C0A3-2225-666287F905A9}.Profiler|Win32.ActiveCfg = Profiler|Win32
		{EE0E2A28-9369-C0A3-2225-666287F905A9}.Profiler|Win32.Build.0 = Profiler|Win32
		{EE0E2A28-9369-C0A3-2225-666287F905A9}.Release|Win32.ActiveCfg = Release|Win32
		{EE0E2A28-9369-C0A3-2225-666287F905A9}.Release|Win32.Build.0 = Release|Win32
		{EE0E2A28-9369-C0A3-2225-666287F905A9}.ReleaseDebug|Win32.ActiveCfg = Debug|Win32
		{EE0E2A28-9369-C0A3-2225-666287F905A9}.ReleaseDebug|Win32.Build.0 = Debug|Win32
		{EE0E2A28-9369-C0A3-2225-666287F905A9}.ReleaseDll|Win32.ActiveCfg = ReleaseDll|Win32
		{EE0E2A28-9369-C0A3-2225-666287F905A9}.ReleaseDll|Win32.Build.0 = ReleaseDll|Win32
		{EE0E2A28-9369-C0A3-2225-666287F905A9}.Template|Win32.ActiveCfg = Template|Win32
		{EE0E2A28-9369-C0A3-2225-666287F905A9}.Template|Win32.Build.0 = Template|Win32
		{300CF90E-96B7-E07F-24A2-996DAE12A770}.BetaRelease|Win32.ActiveCfg = Release|Win32
		{300CF90E-96B7-E07F-24A2-996DAE12A770}.BetaRelease|Win32.Build.0 = Release|Win32
		{300CF90E-96B7-E07F-24A2-996DAE12A770}.Debug|Win32.ActiveCfg = Debug|Win32
		{300CF90E-96B7-E07F-24A2-996DAE12A770}.Debug|Win32.Build.0 = Debug|Win32
		{300CF90E-96B7-E07F-24A2-996DAE12A770}.FastDebug|Win32.ActiveCfg = Debug|Win32
		{300CF90E-96B7-E07F-24A2-996DAE12A770}.FastDebug|Win32.Build.0 = Debug|Win32
		{300CF90E-96B7-E07F-24A2-996DAE12A770}.Profiler|Win32.ActiveCfg = Template|Win32
		{300CF90E-96B7-E07F-24A2-996DAE12A770}.Profiler|Win32.Build.0 = Template|Win32
		{300CF90E-96B7-E07F-24A2-996DAE12A770}.Release|Win32.ActiveCfg = Release|Win32
		{300CF90E-96B7-E07F-24A2-996DAE12A770}.Release|Win32.Build.0 = Release|Win32
		{300CF90E-96B7-E07F-24A2-996DAE12A770}.ReleaseDebug|Win32.ActiveCfg = Debug|Win32
		{300CF90E-96B7-E07F-24A2-996DAE12A770}.ReleaseDebug|Win32.Build.0 = Debug|Win32
		{300CF90E-96B7-E07F-24A2-996DAE12A770}.ReleaseDll|Win32.ActiveCfg = Release|Win32
		{300CF90E-96B7-E07F-24A2-996DAE12A770}.ReleaseDll|Win32.Build.0 = Release|Win32
		{300CF90E-96B7-E07F-24A2-996DAE12A770}.Template|Win32.ActiveCfg = Template|Win32
		{300CF90E-96B7-E07F-24A2-996DAE12A770}.Template|Win32.Build.0 = Template|Win32
		{76815827-3A76-5F97-E816-1B34696699FD}.BetaRelease|Win32.ActiveCfg = BetaRelease|Win32
		{76815827-3A76-5F97-E816-1B34696699FD}.BetaRelease|Win32.Build.0 = BetaRelease|Win32
		{76815827-3A76-5F97-E816-1B34696699FD}.Debug|Win32.ActiveCfg = Debug|Win32
		{76815827-3A76-5F97-E816-1B34696699FD}.Debug|Win32.Build.0 = Debug|Win32
		{76815827-3A76-5F97-E816-1B34696699FD}.FastDebug|Win32.ActiveCfg = FastDebug|Win32
		{76815827-3A76-5F97-E816-1B34696699FD}.FastDebug|Win32.Build.0 = FastDebug|Win32
		{76815827-3A76-5F97-E816-1B34696699FD}.Profiler|Win32.ActiveCfg = Profiler|Win32
		{76815827-3A76-5F97-E816-1B34696699FD}.Profiler|Win32.Build.0 = Profiler|Win32
		{76815827-3A76-5F97-E816-1B34696699FD}.Release|Win32.ActiveCfg = Release|Win32
		{76815827-3A76-5F97-E816-1B34696699FD}.Release|Win32.Build.0 = Release|Win32
		{76815827-3A76-5F97-E816-1B34696699FD}.ReleaseDebug|Win32.ActiveCfg = Debug|Win32
		{76815827-3A76-5F97-E816-1B34696699FD}.ReleaseDebug|Win32.Build.0 = Debug|Win32
		{76815827-3A76-5F97-E816-1B34696699FD}.ReleaseDll|Win32.ActiveCfg = Release|Win32
		{76815827-3A76-5F97-E816-1B34696699FD}.ReleaseDll|Win32.Build.0 = Release|Win32
		{76815827-3A76-5F97-E816-1B34696699FD}.Template|Win32.ActiveCfg = Template|Win32
		{76815827-3A76-5F97-E816-1B34696699FD}.Template|Win32.Build.0 = Template|Win32
	EndGlobalSection
	GlobalSection(SolutionProperties) = preSolution
		HideSolutionNode = FALSE
	EndGlobalSection
EndGlobal
