<?xml version="1.0" encoding="utf-8"?>
<Project ToolsVersion="4.0" xmlns="http://schemas.microsoft.com/developer/msbuild/2003">
  <ItemGroup>
    <Filter Include="Common">
      <UniqueIdentifier>{cb3eac85-c271-42f6-a85e-60b6daf20732}</UniqueIdentifier>
      <Extensions>cpp;c;cxx;rc;def;r;odl;idl;hpj;bat;h;hpp;hxx;hm;inl</Extensions>
    </Filter>
    <Filter Include="GameX">
      <UniqueIdentifier>{0cc8cfac-6bb8-4be6-bc57-4228678acc8d}</UniqueIdentifier>
    </Filter>
    <Filter Include="GameX\World">
      <UniqueIdentifier>{92c909e3-e0dc-4cac-a754-21f86c4b4401}</UniqueIdentifier>
    </Filter>
    <Filter Include="GameX\Interface">
      <UniqueIdentifier>{16ba026b-1427-4dbc-8830-11e0c6d61c94}</UniqueIdentifier>
    </Filter>
    <Filter Include="GameX\Interface\InterMission">
      <UniqueIdentifier>{f5632ad2-6c5f-4a2f-a3c3-cb6d09707e5f}</UniqueIdentifier>
    </Filter>
    <Filter Include="GameX\Interface\InterMission\Multyplayer">
      <UniqueIdentifier>{66daaf50-bafc-4c67-a892-9d12dd3de53e}</UniqueIdentifier>
    </Filter>
    <Filter Include="GameX\Interface\InterMission\Multyplayer\GamesList">
      <UniqueIdentifier>{c58bbd6e-45af-45fa-9a81-d09c5a6054a2}</UniqueIdentifier>
    </Filter>
    <Filter Include="GameX\Interface\InterMission\Multyplayer\StartingGame">
      <UniqueIdentifier>{74d54f65-3949-43fb-bbff-af72f2eb6010}</UniqueIdentifier>
    </Filter>
    <Filter Include="GameX\Interface\InterMission\Multyplayer\Chat">
      <UniqueIdentifier>{9a1215e6-2817-4763-a8fc-dfaea44e8f21}</UniqueIdentifier>
    </Filter>
    <Filter Include="GameX\Interface\InterMission\Multyplayer\Common No. 1">
      <UniqueIdentifier>{a4a9602c-f539-4021-8c28-15b7e5b8151f}</UniqueIdentifier>
    </Filter>
    <Filter Include="GameX\Interface\InterMission\Multyplayer\CreateGame">
      <UniqueIdentifier>{551f28a2-5070-4e26-9e49-f43b63351b36}</UniqueIdentifier>
    </Filter>
    <Filter Include="GameX\Interface\InterMission\Multyplayer\MapSettings No. 1">
      <UniqueIdentifier>{07b9241d-0e39-4893-843b-3891d52df1e9}</UniqueIdentifier>
    </Filter>
    <Filter Include="GameX\Interface\InterMission\Multyplayer\AddressBook">
      <UniqueIdentifier>{f45fa47d-786d-41b3-9682-c051210de777}</UniqueIdentifier>
    </Filter>
    <Filter Include="GameX\Interface\InterMission\PlayersInterface">
      <UniqueIdentifier>{d18dd4c0-71cd-40fa-a93b-1b013545a202}</UniqueIdentifier>
    </Filter>
    <Filter Include="GameX\Interface\InterMission\Options">
      <UniqueIdentifier>{8b0239fb-82a4-40c3-a41e-52098c4f249e}</UniqueIdentifier>
    </Filter>
    <Filter Include="GameX\Interface\InterMission\UnitPerformance">
      <UniqueIdentifier>{09d10ac9-ad5d-43af-b491-50246133aefc}</UniqueIdentifier>
    </Filter>
    <Filter Include="GameX\Interface\InterMission\SwitchMode">
      <UniqueIdentifier>{062277fd-280e-4336-b570-1c916da351c3}</UniqueIdentifier>
    </Filter>
    <Filter Include="GameX\Interface\InterMission\NewDepotUpgrades">
      <UniqueIdentifier>{f541cad2-cc7f-4158-89eb-9626fea15c46}</UniqueIdentifier>
    </Filter>
    <Filter Include="GameX\Interface\Mission">
      <UniqueIdentifier>{f814c9d4-a6a1-4a52-b3fa-50433bfc41d1}</UniqueIdentifier>
    </Filter>
    <Filter Include="GameX\Interface\PlayMovie">
      <UniqueIdentifier>{0a5f7e13-4461-4858-b440-b90884381882}</UniqueIdentifier>
    </Filter>
    <Filter Include="GameX\Interface\PlayerProfile">
      <UniqueIdentifier>{db654053-f1aa-4d6e-b29a-e2ab89962ede}</UniqueIdentifier>
    </Filter>
    <Filter Include="GameX\Interface\MapSettings">
      <UniqueIdentifier>{9b1e7e80-68df-4866-b371-cbc598da1a05}</UniqueIdentifier>
    </Filter>
    <Filter Include="GameX\Interface\Popups">
      <UniqueIdentifier>{0b166d66-87b2-4112-9081-929d7dbd4c6f}</UniqueIdentifier>
    </Filter>
    <Filter Include="GameX\Interface\MessageBox">
      <UniqueIdentifier>{53cac8a5-3e61-473a-b649-d35c2d9b406a}</UniqueIdentifier>
    </Filter>
    <Filter Include="GameX\MessageReaction">
      <UniqueIdentifier>{415b97bf-48da-4b4d-a76f-87fc973a245a}</UniqueIdentifier>
    </Filter>
    <Filter Include="AckManager">
      <UniqueIdentifier>{b63c186a-a055-44eb-a6fb-a20abeed8054}</UniqueIdentifier>
    </Filter>
    <Filter Include="Resource">
      <UniqueIdentifier>{340e6d42-6261-4378-b2ea-cca4b9841958}</UniqueIdentifier>
    </Filter>
    <Filter Include="Misc">
      <UniqueIdentifier>{0e3d75a3-5f7d-409a-a08a-18e73174fb78}</UniqueIdentifier>
    </Filter>
  </ItemGroup>
  <ItemGroup>
    <ClCompile Include="GlobalsLoader.cpp">
      <Filter>Common</Filter>
    </ClCompile>
    <ClCompile Include="StdAfx.cpp">
      <Filter>Common</Filter>
    </ClCompile>
    <ClCompile Include="WorldClient.cpp">
      <Filter>GameX\World</Filter>
    </ClCompile>
    <ClCompile Include="WorldClientActions.cpp">
      <Filter>GameX\World</Filter>
    </ClCompile>
    <ClCompile Include="MultiplayerGamesList.cpp">
      <Filter>GameX\Interface\InterMission\Multyplayer\GamesList</Filter>
    </ClCompile>
    <ClCompile Include="MultiplayerStartingGame.cpp">
      <Filter>GameX\Interface\InterMission\Multyplayer\StartingGame</Filter>
    </ClCompile>
    <ClCompile Include="InterfaceMPChat.cpp">
      <Filter>GameX\Interface\InterMission\Multyplayer\Chat</Filter>
    </ClCompile>
    <ClCompile Include="ChatWrapper.cpp">
      <Filter>GameX\Interface\InterMission\Multyplayer\Common No. 1</Filter>
    </ClCompile>
    <ClCompile Include="InterfaceMPCreateGame.cpp">
      <Filter>GameX\Interface\InterMission\Multyplayer\CreateGame</Filter>
    </ClCompile>
    <ClCompile Include="InterfaceMPMapSettings.cpp">
      <Filter>GameX\Interface\InterMission\Multyplayer\MapSettings No. 1</Filter>
    </ClCompile>
    <ClCompile Include="InterfaceMPAddressBook.cpp">
      <Filter>GameX\Interface\InterMission\Multyplayer\AddressBook</Filter>
    </ClCompile>
    <ClCompile Include="MPConnectionError.cpp">
      <Filter>GameX\Interface\InterMission\Multyplayer</Filter>
    </ClCompile>
    <ClCompile Include="MultiplayerCommandManagerInternal.cpp">
      <Filter>GameX\Interface\InterMission\Multyplayer</Filter>
    </ClCompile>
    <ClCompile Include="PlayersInterface.cpp">
      <Filter>GameX\Interface\InterMission\PlayersInterface</Filter>
    </ClCompile>
    <ClCompile Include="InterfaceOptionsSettings.cpp">
      <Filter>GameX\Interface\InterMission\Options</Filter>
    </ClCompile>
    <ClCompile Include="OptionEntryWrapper.cpp">
      <Filter>GameX\Interface\InterMission\Options</Filter>
    </ClCompile>
    <ClCompile Include="InterfaceAfterMissionPopups.cpp">
      <Filter>GameX\Interface\InterMission\UnitPerformance</Filter>
    </ClCompile>
    <ClCompile Include="InterfaceUnitPerformance.cpp">
      <Filter>GameX\Interface\InterMission\UnitPerformance</Filter>
    </ClCompile>
    <ClCompile Include="InterfaceSwitchModeTo.cpp">
      <Filter>GameX\Interface\InterMission\SwitchMode</Filter>
    </ClCompile>
    <ClCompile Include="InterfaceNewDepotUpgrades.cpp">
      <Filter>GameX\Interface\InterMission\NewDepotUpgrades</Filter>
    </ClCompile>
    <ClCompile Include="AddUnitToMission.cpp">
      <Filter>GameX\Interface\InterMission</Filter>
    </ClCompile>
    <ClCompile Include="Campaign.cpp">
      <Filter>GameX\Interface\InterMission</Filter>
    </ClCompile>
    <ClCompile Include="Chapter.cpp">
      <Filter>GameX\Interface\InterMission</Filter>
    </ClCompile>
    <ClCompile Include="Common.cpp">
      <Filter>GameX\Interface\InterMission</Filter>
    </ClCompile>
    <ClCompile Include="encyclopedia.cpp">
      <Filter>GameX\Interface\InterMission</Filter>
    </ClCompile>
    <ClCompile Include="InterMission.cpp">
      <Filter>GameX\Interface\InterMission</Filter>
    </ClCompile>
    <ClCompile Include="MainMenu.cpp">
      <Filter>GameX\Interface\InterMission</Filter>
    </ClCompile>
    <ClCompile Include="Mission.cpp">
      <Filter>GameX\Interface\InterMission</Filter>
    </ClCompile>
    <ClCompile Include="SingleMedal.cpp">
      <Filter>GameX\Interface\InterMission</Filter>
    </ClCompile>
    <ClCompile Include="Stats.cpp">
      <Filter>GameX\Interface\InterMission</Filter>
    </ClCompile>
    <ClCompile Include="TotalEncyclopedia.cpp">
      <Filter>GameX\Interface\InterMission</Filter>
    </ClCompile>
    <ClCompile Include="UIState.cpp">
      <Filter>GameX\Interface\InterMission</Filter>
    </ClCompile>
    <ClCompile Include="UnitsPool.cpp">
      <Filter>GameX\Interface\InterMission</Filter>
    </ClCompile>
    <ClCompile Include="UpgradeUnit.cpp">
      <Filter>GameX\Interface\InterMission</Filter>
    </ClCompile>
    <ClCompile Include="iMissionInternal.cpp">
      <Filter>GameX\Interface\Mission</Filter>
    </ClCompile>
    <ClCompile Include="QuitMission.cpp">
      <Filter>GameX\Interface\Mission</Filter>
    </ClCompile>
    <ClCompile Include="PlayMovieInterface.cpp">
      <Filter>GameX\Interface\PlayMovie</Filter>
    </ClCompile>
    <ClCompile Include="InterfaceStartDialog.cpp">
      <Filter>GameX\Interface\PlayerProfile</Filter>
    </ClCompile>
    <ClCompile Include="MapSettingsWrapper.cpp">
      <Filter>GameX\Interface\MapSettings</Filter>
    </ClCompile>
    <ClCompile Include="BaseList.cpp">
      <Filter>GameX\Interface\Popups</Filter>
    </ClCompile>
    <ClCompile Include="CustomCampaign.cpp">
      <Filter>GameX\Interface\Popups</Filter>
    </ClCompile>
    <ClCompile Include="CustomChapter.cpp">
      <Filter>GameX\Interface\Popups</Filter>
    </ClCompile>
    <ClCompile Include="CustomList.cpp">
      <Filter>GameX\Interface\Popups</Filter>
    </ClCompile>
    <ClCompile Include="CustomMission.cpp">
      <Filter>GameX\Interface\Popups</Filter>
    </ClCompile>
    <ClCompile Include="CutsceneList.cpp">
      <Filter>GameX\Interface\Popups</Filter>
    </ClCompile>
    <ClCompile Include="IMLoadMission.cpp">
      <Filter>GameX\Interface\Popups</Filter>
    </ClCompile>
    <ClCompile Include="IMSaveMission.cpp">
      <Filter>GameX\Interface\Popups</Filter>
    </ClCompile>
    <ClCompile Include="IMTutorial.cpp">
      <Filter>GameX\Interface\Popups</Filter>
    </ClCompile>
    <ClCompile Include="InterfaceIMModsList.cpp">
      <Filter>GameX\Interface\Popups</Filter>
    </ClCompile>
    <ClCompile Include="LoadMission.cpp">
      <Filter>GameX\Interface\Popups</Filter>
    </ClCompile>
    <ClCompile Include="PlayerGainLevel.cpp">
      <Filter>GameX\Interface\Popups</Filter>
    </ClCompile>
    <ClCompile Include="ReplayList.cpp">
      <Filter>GameX\Interface\Popups</Filter>
    </ClCompile>
    <ClCompile Include="SaveMission.cpp">
      <Filter>GameX\Interface\Popups</Filter>
    </ClCompile>
    <ClCompile Include="SaveReplay.cpp">
      <Filter>GameX\Interface\Popups</Filter>
    </ClCompile>
    <ClCompile Include="SwitchToNextChapter.cpp">
      <Filter>GameX\Interface\Popups</Filter>
    </ClCompile>
    <ClCompile Include="TutorialList.cpp">
      <Filter>GameX\Interface\Popups</Filter>
    </ClCompile>
    <ClCompile Include="InterfaceMessageBox.cpp">
      <Filter>GameX\Interface\MessageBox</Filter>
    </ClCompile>
    <ClCompile Include="UIConsts.cpp">
      <Filter>GameX\Interface</Filter>
    </ClCompile>
    <ClCompile Include="UIMapInfo.cpp">
      <Filter>GameX\Interface</Filter>
    </ClCompile>
    <ClCompile Include="CustomMessageReaction.cpp">
      <Filter>GameX\MessageReaction</Filter>
    </ClCompile>
    <ClCompile Include="MessageReactionINternal.cpp">
      <Filter>GameX\MessageReaction</Filter>
    </ClCompile>
    <ClCompile Include="MessageReactionSerialize.cpp">
      <Filter>GameX\MessageReaction</Filter>
    </ClCompile>
    <ClCompile Include="MissionObjectFactory.cpp">
      <Filter>GameX</Filter>
    </ClCompile>
    <ClCompile Include="AckManager.cpp">
      <Filter>AckManager</Filter>
    </ClCompile>
    <ClCompile Include="MinimapCreation.cpp">
      <Filter>Misc</Filter>
    </ClCompile>
  </ItemGroup>
  <ItemGroup>
    <ClInclude Include="Specific.h">
      <Filter>Common</Filter>
    </ClInclude>
    <ClInclude Include="StdAfx.h">
      <Filter>Common</Filter>
    </ClInclude>
    <ClInclude Include="stl_user_config.h">
      <Filter>Common</Filter>
    </ClInclude>
    <ClInclude Include="SelectorVisitors.h">
      <Filter>GameX\World</Filter>
    </ClInclude>
    <ClInclude Include="WorldClient.h">
      <Filter>GameX\World</Filter>
    </ClInclude>
    <ClInclude Include="MultiplayerGamesList.h">
      <Filter>GameX\Interface\InterMission\Multyplayer\GamesList</Filter>
    </ClInclude>
    <ClInclude Include="MultiplayerStartingGame.h">
      <Filter>GameX\Interface\InterMission\Multyplayer\StartingGame</Filter>
    </ClInclude>
    <ClInclude Include="InterfaceMPChat.h">
      <Filter>GameX\Interface\InterMission\Multyplayer\Chat</Filter>
    </ClInclude>
    <ClInclude Include="ChatWrapper.h">
      <Filter>GameX\Interface\InterMission\Multyplayer\Common No. 1</Filter>
    </ClInclude>
    <ClInclude Include="ListControlWrapper.h">
      <Filter>GameX\Interface\InterMission\Multyplayer\Common No. 1</Filter>
    </ClInclude>
    <ClInclude Include="InterfaceMPCreateGame.h">
      <Filter>GameX\Interface\InterMission\Multyplayer\CreateGame</Filter>
    </ClInclude>
    <ClInclude Include="InterfaceMPMapSettings.h">
      <Filter>GameX\Interface\InterMission\Multyplayer\MapSettings No. 1</Filter>
    </ClInclude>
    <ClInclude Include="InterfaceMPAddressBook.h">
      <Filter>GameX\Interface\InterMission\Multyplayer\AddressBook</Filter>
    </ClInclude>
    <ClInclude Include="MPConnectionError.h">
      <Filter>GameX\Interface\InterMission\Multyplayer</Filter>
    </ClInclude>
    <ClInclude Include="MuliplayerToUIConsts.h">
      <Filter>GameX\Interface\InterMission\Multyplayer</Filter>
    </ClInclude>
    <ClInclude Include="MultiplayerCommandManager.h">
      <Filter>GameX\Interface\InterMission\Multyplayer</Filter>
    </ClInclude>
    <ClInclude Include="MultiplayerCommandManagerInternal.h">
      <Filter>GameX\Interface\InterMission\Multyplayer</Filter>
    </ClInclude>
    <ClInclude Include="PlayersInterface.h">
      <Filter>GameX\Interface\InterMission\PlayersInterface</Filter>
    </ClInclude>
    <ClInclude Include="InterfaceOptionsSettings.h">
      <Filter>GameX\Interface\InterMission\Options</Filter>
    </ClInclude>
    <ClInclude Include="OptionEntryWrapper.h">
      <Filter>GameX\Interface\InterMission\Options</Filter>
    </ClInclude>
    <ClInclude Include="UIOptions.h">
      <Filter>GameX\Interface\InterMission\Options</Filter>
    </ClInclude>
    <ClInclude Include="InterfaceAfterMissionPopups.h">
      <Filter>GameX\Interface\InterMission\UnitPerformance</Filter>
    </ClInclude>
    <ClInclude Include="InterfaceUnitPerformance.h">
      <Filter>GameX\Interface\InterMission\UnitPerformance</Filter>
    </ClInclude>
    <ClInclude Include="InterfaceSwitchModeTo.h">
      <Filter>GameX\Interface\InterMission\SwitchMode</Filter>
    </ClInclude>
    <ClInclude Include="InterfaceNewDepotUpgrades.h">
      <Filter>GameX\Interface\InterMission\NewDepotUpgrades</Filter>
    </ClInclude>
    <ClInclude Include="AddUnitToMission.h">
      <Filter>GameX\Interface\InterMission</Filter>
    </ClInclude>
    <ClInclude Include="Campaign.h">
      <Filter>GameX\Interface\InterMission</Filter>
    </ClInclude>
    <ClInclude Include="Chapter.h">
      <Filter>GameX\Interface\InterMission</Filter>
    </ClInclude>
    <ClInclude Include="CommonId.h">
      <Filter>GameX\Interface\InterMission</Filter>
    </ClInclude>
    <ClInclude Include="encyclopedia.h">
      <Filter>GameX\Interface\InterMission</Filter>
    </ClInclude>
    <ClInclude Include="etypes.h">
      <Filter>GameX\Interface\InterMission</Filter>
    </ClInclude>
    <ClInclude Include="InterMission.h">
      <Filter>GameX\Interface\InterMission</Filter>
    </ClInclude>
    <ClInclude Include="MainMenu.h">
      <Filter>GameX\Interface\InterMission</Filter>
    </ClInclude>
    <ClInclude Include="Mission.h">
      <Filter>GameX\Interface\InterMission</Filter>
    </ClInclude>
    <ClInclude Include="SingleMedal.h">
      <Filter>GameX\Interface\InterMission</Filter>
    </ClInclude>
    <ClInclude Include="Stats.h">
      <Filter>GameX\Interface\InterMission</Filter>
    </ClInclude>
    <ClInclude Include="TotalEncyclopedia.h">
      <Filter>GameX\Interface\InterMission</Filter>
    </ClInclude>
    <ClInclude Include="UIState.h">
      <Filter>GameX\Interface\InterMission</Filter>
    </ClInclude>
    <ClInclude Include="UnitsPool.h">
      <Filter>GameX\Interface\InterMission</Filter>
    </ClInclude>
    <ClInclude Include="UnitTypes.h">
      <Filter>GameX\Interface\InterMission</Filter>
    </ClInclude>
    <ClInclude Include="UpgradeUnit.h">
      <Filter>GameX\Interface\InterMission</Filter>
    </ClInclude>
    <ClInclude Include="iMission.h">
      <Filter>GameX\Interface\Mission</Filter>
    </ClInclude>
    <ClInclude Include="iMissionInternal.h">
      <Filter>GameX\Interface\Mission</Filter>
    </ClInclude>
    <ClInclude Include="MissionInterfaceEscapeMenu.h">
      <Filter>GameX\Interface\Mission</Filter>
    </ClInclude>
    <ClInclude Include="QuitMission.h">
      <Filter>GameX\Interface\Mission</Filter>
    </ClInclude>
    <ClInclude Include="PlayMovieInterface.h">
      <Filter>GameX\Interface\PlayMovie</Filter>
    </ClInclude>
    <ClInclude Include="InterfaceStartDialog.h">
      <Filter>GameX\Interface\PlayerProfile</Filter>
    </ClInclude>
    <ClInclude Include="MapSettingsWrapper.h">
      <Filter>GameX\Interface\MapSettings</Filter>
    </ClInclude>
    <ClInclude Include="BaseList.h">
      <Filter>GameX\Interface\Popups</Filter>
    </ClInclude>
    <ClInclude Include="CustomCampaign.h">
      <Filter>GameX\Interface\Popups</Filter>
    </ClInclude>
    <ClInclude Include="CustomChapter.h">
      <Filter>GameX\Interface\Popups</Filter>
    </ClInclude>
    <ClInclude Include="CustomList.h">
      <Filter>GameX\Interface\Popups</Filter>
    </ClInclude>
    <ClInclude Include="CustomMission.h">
      <Filter>GameX\Interface\Popups</Filter>
    </ClInclude>
    <ClInclude Include="CutsceneList.h">
      <Filter>GameX\Interface\Popups</Filter>
    </ClInclude>
    <ClInclude Include="IMLoadMission.h">
      <Filter>GameX\Interface\Popups</Filter>
    </ClInclude>
    <ClInclude Include="IMSaveMission.h">
      <Filter>GameX\Interface\Popups</Filter>
    </ClInclude>
    <ClInclude Include="IMTutorial.h">
      <Filter>GameX\Interface\Popups</Filter>
    </ClInclude>
    <ClInclude Include="InterfaceIMModsList.h">
      <Filter>GameX\Interface\Popups</Filter>
    </ClInclude>
    <ClInclude Include="LoadMission.h">
      <Filter>GameX\Interface\Popups</Filter>
    </ClInclude>
    <ClInclude Include="PlayerGainLevel.h">
      <Filter>GameX\Interface\Popups</Filter>
    </ClInclude>
    <ClInclude Include="ReplayList.h">
      <Filter>GameX\Interface\Popups</Filter>
    </ClInclude>
    <ClInclude Include="SaveLoadCommon.h">
      <Filter>GameX\Interface\Popups</Filter>
    </ClInclude>
    <ClInclude Include="SaveMission.h">
      <Filter>GameX\Interface\Popups</Filter>
    </ClInclude>
    <ClInclude Include="SaveReplay.h">
      <Filter>GameX\Interface\Popups</Filter>
    </ClInclude>
    <ClInclude Include="SwitchToNextChapter.h">
      <Filter>GameX\Interface\Popups</Filter>
    </ClInclude>
    <ClInclude Include="TutorialList.h">
      <Filter>GameX\Interface\Popups</Filter>
    </ClInclude>
    <ClInclude Include="InterfaceMessageBox.h">
      <Filter>GameX\Interface\MessageBox</Filter>
    </ClInclude>
    <ClInclude Include="UIConsts.h">
      <Filter>GameX\Interface</Filter>
    </ClInclude>
    <ClInclude Include="UIMapInfo.h">
      <Filter>GameX\Interface</Filter>
    </ClInclude>
    <ClInclude Include="CustomMessageReaction.h">
      <Filter>GameX\MessageReaction</Filter>
    </ClInclude>
    <ClInclude Include="MessageReaction.h">
      <Filter>GameX\MessageReaction</Filter>
    </ClInclude>
    <ClInclude Include="MessageReactionINternal.h">
      <Filter>GameX\MessageReaction</Filter>
    </ClInclude>
    <ClInclude Include="MissionObjectFactory.h">
      <Filter>GameX</Filter>
    </ClInclude>
    <ClInclude Include="AckManager.h">
      <Filter>AckManager</Filter>
    </ClInclude>
    <ClInclude Include="resource.h">
      <Filter>Resource</Filter>
    </ClInclude>
    <ClInclude Include="CutScenesHelper.h">
      <Filter>Misc</Filter>
    </ClInclude>
    <ClInclude Include="MinimapCreation.h">
      <Filter>Misc</Filter>
    </ClInclude>
  </ItemGroup>
  <ItemGroup>
    <ResourceCompile Include="GameTT.rc">
      <Filter>Resource</Filter>
    </ResourceCompile>
  </ItemGroup>
  <ItemGroup>
    <CustomBuild Include="GameTT.def">
      <Filter>Common</Filter>
    </CustomBuild>
  </ItemGroup>
</Project>