<?xml version="1.0" encoding="utf-8"?>
<Project ToolsVersion="4.0" xmlns="http://schemas.microsoft.com/developer/msbuild/2003">
  <ItemGroup>
    <Filter Include="Common">
      <UniqueIdentifier>{23f01ca9-1de3-4542-8607-dfe79280d5d6}</UniqueIdentifier>
      <Extensions>cpp;c;cxx;rc;def;r;odl;idl;hpj;bat;h;hpp;hxx;hm;inl</Extensions>
    </Filter>
    <Filter Include="Exporter">
      <UniqueIdentifier>{206a3d7f-8702-4fe2-a032-4263b807b7f2}</UniqueIdentifier>
    </Filter>
    <Filter Include="MiniBall">
      <UniqueIdentifier>{00dc1851-a0dc-4cf8-be46-7a9d466ed17a}</UniqueIdentifier>
    </Filter>
  </ItemGroup>
  <ItemGroup>
    <ClCompile Include="StdAfx.cpp">
      <Filter>Common</Filter>
    </ClCompile>
    <ClCompile Include="A7ExportModel.cpp">
      <Filter>Exporter</Filter>
    </ClCompile>
    <ClCompile Include="Data.cpp">
      <Filter>Exporter</Filter>
    </ClCompile>
    <ClCompile Include="pluginMain.cpp">
      <Filter>Exporter</Filter>
    </ClCompile>
    <ClCompile Include="MiniBall\BoundingSphere.cpp">
      <Filter>MiniBall</Filter>
    </ClCompile>
    <ClCompile Include="MiniBall\BoundingVolume.cpp">
      <Filter>MiniBall</Filter>
    </ClCompile>
    <ClCompile Include="MiniBall\Matrix.cpp">
      <Filter>MiniBall</Filter>
    </ClCompile>
    <ClCompile Include="MiniBall\Plane.cpp">
      <Filter>MiniBall</Filter>
    </ClCompile>
    <ClCompile Include="MiniBall\Point.cpp">
      <Filter>MiniBall</Filter>
    </ClCompile>
    <ClCompile Include="MiniBall\Quaternion.cpp">
      <Filter>MiniBall</Filter>
    </ClCompile>
    <ClCompile Include="MiniBall\Sphere.cpp">
      <Filter>MiniBall</Filter>
    </ClCompile>
    <ClCompile Include="MiniBall\Timer.cpp">
      <Filter>MiniBall</Filter>
    </ClCompile>
    <ClCompile Include="MiniBall\Tuple.cpp">
      <Filter>MiniBall</Filter>
    </ClCompile>
    <ClCompile Include="MiniBall\Vector.cpp">
      <Filter>MiniBall</Filter>
    </ClCompile>
    <ClCompile Include="MiniBall\ViewFrustum.cpp">
      <Filter>MiniBall</Filter>
    </ClCompile>
  </ItemGroup>
  <ItemGroup>
    <ClInclude Include="StdAfx.h">
      <Filter>Common</Filter>
    </ClInclude>
    <ClInclude Include="stl_user_config.h">
      <Filter>Common</Filter>
    </ClInclude>
    <ClInclude Include="A7ExportModel.h">
      <Filter>Exporter</Filter>
    </ClInclude>
    <ClInclude Include="Data.h">
      <Filter>Exporter</Filter>
    </ClInclude>
    <ClInclude Include="MiniBall\BoundingSphere.h">
      <Filter>MiniBall</Filter>
    </ClInclude>
    <ClInclude Include="MiniBall\BoundingVolume.h">
      <Filter>MiniBall</Filter>
    </ClInclude>
    <ClInclude Include="MiniBall\Matrix.h">
      <Filter>MiniBall</Filter>
    </ClInclude>
    <ClInclude Include="MiniBall\Plane.h">
      <Filter>MiniBall</Filter>
    </ClInclude>
    <ClInclude Include="MiniBall\Point.h">
      <Filter>MiniBall</Filter>
    </ClInclude>
    <ClInclude Include="MiniBall\Quaternion.h">
      <Filter>MiniBall</Filter>
    </ClInclude>
    <ClInclude Include="MiniBall\Sphere.h">
      <Filter>MiniBall</Filter>
    </ClInclude>
    <ClInclude Include="MiniBall\Timer.h">
      <Filter>MiniBall</Filter>
    </ClInclude>
    <ClInclude Include="MiniBall\Tuple.h">
      <Filter>MiniBall</Filter>
    </ClInclude>
    <ClInclude Include="MiniBall\Vector.h">
      <Filter>MiniBall</Filter>
    </ClInclude>
    <ClInclude Include="MiniBall\ViewFrustum.h">
      <Filter>MiniBall</Filter>
    </ClInclude>
  </ItemGroup>
</Project>