<?xml version="1.0" encoding="utf-8"?>
<Project ToolsVersion="4.0" xmlns="http://schemas.microsoft.com/developer/msbuild/2003">
  <ItemGroup>
    <Filter Include="Common">
      <UniqueIdentifier>{df7e9792-f105-44a5-aef7-d909a351b6dc}</UniqueIdentifier>
      <Extensions>cpp;c;cxx;rc;def;r;odl;idl;hpj;bat;h;hpp;hxx;hm;inl</Extensions>
    </Filter>
    <Filter Include="BuildVersion">
      <UniqueIdentifier>{40f86eb2-c901-4344-824c-e7b0436a3ad8}</UniqueIdentifier>
    </Filter>
    <Filter Include="Resource Files">
      <UniqueIdentifier>{73b611d2-195b-4a0b-8232-c3dd347e4d0d}</UniqueIdentifier>
      <Extensions>ico;cur;bmp;dlg;rc2;rct;bin;rgs;gif;jpg;jpeg;jpe</Extensions>
    </Filter>
  </ItemGroup>
  <ItemGroup>
    <ClInclude Include="Specific.h">
      <Filter>Common</Filter>
    </ClInclude>
    <ClInclude Include="StdAfx.h">
      <Filter>Common</Filter>
    </ClInclude>
    <ClInclude Include="stl_user_config.h">
      <Filter>Common</Filter>
    </ClInclude>
    <ClInclude Include="BuildVersion.h">
      <Filter>BuildVersion</Filter>
    </ClInclude>
    <ClInclude Include="StringTokenizer.h">
      <Filter>BuildVersion</Filter>
    </ClInclude>
  </ItemGroup>
  <ItemGroup>
    <ClCompile Include="StdAfx.cpp">
      <Filter>Common</Filter>
    </ClCompile>
    <ClCompile Include="BuildVersion.cpp">
      <Filter>BuildVersion</Filter>
    </ClCompile>
    <ClCompile Include="main.cpp">
      <Filter>BuildVersion</Filter>
    </ClCompile>
    <ClCompile Include="StringTokenizer.cpp">
      <Filter>BuildVersion</Filter>
    </ClCompile>
  </ItemGroup>
</Project>